
Microsoft Visual Studio Solution File, Format Version 12.00
# Visual Studio 15
VisualStudioVersion = 15.0.28307.329
MinimumVisualStudioVersion = 10.0.40219.1
Project("{FAE04EC0-301F-11D3-BF4B-00C04F79EFBC}") = "02_DataType", "02_DataType\02_DataType.csproj", "{6D78A5D0-ABF3-4C5B-A09E-922E3333C3CC}"
EndProject
Project("{FAE04EC0-301F-11D3-BF4B-00C04F79EFBC}") = "03_DataType_1", "03_DataType_1\03_DataType_1.csproj", "{2BF96194-418E-4062-8368-338F52CCF283}"
EndProject
Project("{FAE04EC0-301F-11D3-BF4B-00C04F79EFBC}") = "04_DataType_2", "04_DataType_2\04_DataType_2.csproj", "{FD287D13-5AE4-4211-ABB4-D4A062604B34}"
EndProject
Project("{FAE04EC0-301F-11D3-BF4B-00C04F79EFBC}") = "05_Testaver", "05_Testaver\05_Testaver.csproj", "{03273EEE-CCE3-4A50-A196-E759397FA620}"
EndProject
Project("{FAE04EC0-301F-11D3-BF4B-00C04F79EFBC}") = "06.Struct_1", "06.Struct_1\06.Struct_1.csproj", "{936E35C4-0A17-4854-8ADD-52B8A99C94D7}"
EndProject
Project("{FAE04EC0-301F-11D3-BF4B-00C04F79EFBC}") = "07.Struct_2", "07.Struct_2\07.Struct_2.csproj", "{89B6DD00-76E0-425C-BF98-97CE05748FEA}"
EndProject
Project("{FAE04EC0-301F-11D3-BF4B-00C04F79EFBC}") = "08.Struct_3", "08.Struct_3\08.Struct_3.csproj", "{1756007B-C025-48D5-8E74-EE7D8AF8DE88}"
EndProject
Project("{FAE04EC0-301F-11D3-BF4B-00C04F79EFBC}") = "09.Struct_4", "09.Struct_4\09.Struct_4.csproj", "{E8F04F39-6263-4667-BAD1-6867BAEA40CC}"
EndProject
Project("{FAE04EC0-301F-11D3-BF4B-00C04F79EFBC}") = "10.Struct_student_Record", "10.Struct_student_Record\10.Struct_student_Record.csproj", "{9F38B6A2-25F5-435B-B87D-8BF6A13FFE8E}"
EndProject
Project("{FAE04EC0-301F-11D3-BF4B-00C04F79EFBC}") = "11.enum", "11.enum\11.enum.csproj", "{3D4880D6-B4B8-4122-8FB6-FEEB99F2A29B}"
EndProject
Project("{FAE04EC0-301F-11D3-BF4B-00C04F79EFBC}") = "12.Value_Type", "12.Value_Type\12.Value_Type.csproj", "{40E6E30A-41FC-431E-BC02-D98AE3B21C23}"
EndProject
Project("{FAE04EC0-301F-11D3-BF4B-00C04F79EFBC}") = "13.Operator", "13.Operator\13.Operator.csproj", "{F164C340-1206-4E04-8377-E983549836B3}"
EndProject
Project("{FAE04EC0-301F-11D3-BF4B-00C04F79EFBC}") = "14.shift_operator", "14.shift_operator\14.shift_operator.csproj", "{A627A32A-7C23-427B-B52D-DDFDE95E2270}"
EndProject
Project("{FAE04EC0-301F-11D3-BF4B-00C04F79EFBC}") = "15.as_operator", "15.as_operator\15.as_operator.csproj", "{895BD81E-8CED-457C-B368-FB2C52868D48}"
EndProject
Project("{FAE04EC0-301F-11D3-BF4B-00C04F79EFBC}") = "16.foreach", "16.foreach\16.foreach.csproj", "{5513C85B-FF3C-4EBC-A0FB-DA56B20514FE}"
EndProject
Project("{FAE04EC0-301F-11D3-BF4B-00C04F79EFBC}") = "17.Try_Catch", "17.Try_Catch\17.Try_Catch.csproj", "{1D991986-B620-46DE-B715-C25D70437B24}"
EndProject
Project("{FAE04EC0-301F-11D3-BF4B-00C04F79EFBC}") = "18.Try_finally", "18.Try_finally\18.Try_finally.csproj", "{3163FCB7-241C-4308-8C7D-7F9FF63FC5C6}"
EndProject
Project("{FAE04EC0-301F-11D3-BF4B-00C04F79EFBC}") = "19.Throw", "19.Throw\19.Throw.csproj", "{99B05DDD-7FE4-4793-9E2F-A193A037E897}"
EndProject
Project("{FAE04EC0-301F-11D3-BF4B-00C04F79EFBC}") = "01_WriteLine", "01.WriteLine\01_WriteLine.csproj", "{2FA3BA6D-5B86-477B-9757-E51F541ECE52}"
EndProject
Project("{FAE04EC0-301F-11D3-BF4B-00C04F79EFBC}") = "20.Array", "20.Array\20.Array.csproj", "{2BEAF211-87F7-4FAF-B1CF-20633579B02F}"
EndProject
Project("{FAE04EC0-301F-11D3-BF4B-00C04F79EFBC}") = "21.Multy_Array", "21.Multy_Array\21.Multy_Array.csproj", "{70A41148-AD8A-4B0F-AC91-6834CA23E02B}"
EndProject
Project("{FAE04EC0-301F-11D3-BF4B-00C04F79EFBC}") = "22.File_IO_Write", "22.File_IO\22.File_IO_Write.csproj", "{A79A8F1D-BD45-47DE-B055-8DCBE45E9CE1}"
EndProject
Project("{FAE04EC0-301F-11D3-BF4B-00C04F79EFBC}") = "23.File_IO_Read", "23.File_IO_Read\23.File_IO_Read.csproj", "{816CB041-F8F0-4DE9-9903-95ED1AE2860A}"
EndProject
Project("{FAE04EC0-301F-11D3-BF4B-00C04F79EFBC}") = "24.File_IO_Parse", "24.File_IO_Parse\24.File_IO_Parse.csproj", "{44832D91-C15D-490E-8EA1-FB53BB785E94}"
EndProject
Project("{FAE04EC0-301F-11D3-BF4B-00C04F79EFBC}") = "25.File_WriteLine", "25.File_ReadLine\25.File_WriteLine.csproj", "{3D9728F3-04F4-4C88-9063-406384CFD911}"
EndProject
Project("{FAE04EC0-301F-11D3-BF4B-00C04F79EFBC}") = "26.File_IO_ReadLine", "26.File_IO_ReadLine\26.File_IO_ReadLine.csproj", "{43A133E0-8AA6-43B8-97EB-B8B8AC5D537F}"
EndProject
Project("{FAE04EC0-301F-11D3-BF4B-00C04F79EFBC}") = "27.File_IO_Serialize", "27.File_IO_Serialize\27.File_IO_Serialize.csproj", "{E93C5FF7-605F-4AC6-B369-B3CABF0430E7}"
EndProject
Project("{FAE04EC0-301F-11D3-BF4B-00C04F79EFBC}") = "28.File_IO_deserialize", "28.File_IO_deserialize\28.File_IO_deserialize.csproj", "{2A6D3E5E-2597-4C27-855A-426E5D19EFA6}"
EndProject
Project("{FAE04EC0-301F-11D3-BF4B-00C04F79EFBC}") = "29.Property", "29.Property\29.Property.csproj", "{501CA3CA-F823-46A1-B688-69C90ECB5D67}"
EndProject
Project("{FAE04EC0-301F-11D3-BF4B-00C04F79EFBC}") = "30.Property_1", "30.Property_1\30.Property_1.csproj", "{FE59D7D4-6C36-45AC-9BA3-5A3B8FAC7010}"
EndProject
Project("{FAE04EC0-301F-11D3-BF4B-00C04F79EFBC}") = "31.Property_List", "31.Property_List\31.Property_List.csproj", "{F7F74748-ED45-41EA-BE45-B0408E1D6E02}"
EndProject
Project("{FAE04EC0-301F-11D3-BF4B-00C04F79EFBC}") = "32.Delegate", "32.Delegate\32.Delegate.csproj", "{EA0B25BF-89F4-498F-93BB-0C4F5171BDBD}"
EndProject
Project("{FAE04EC0-301F-11D3-BF4B-00C04F79EFBC}") = "33.Delegate_1", "33.Delegate_1\33.Delegate_1.csproj", "{8E2D6175-843A-4447-A7D2-94932B459BAD}"
EndProject
Project("{FAE04EC0-301F-11D3-BF4B-00C04F79EFBC}") = "34.Event", "34.Event\34.Event.csproj", "{E13E0684-7188-444C-B834-41E36DD941F9}"
EndProject
Project("{FAE04EC0-301F-11D3-BF4B-00C04F79EFBC}") = "35.Virtual", "35.Virtual\35.Virtual.csproj", "{58005EF2-940A-496B-A37D-83CAA170B4E6}"
EndProject
Project("{FAE04EC0-301F-11D3-BF4B-00C04F79EFBC}") = "36.WindowsForm", "36.WindowsForm\36.WindowsForm.csproj", "{214C887E-5635-4EEB-B701-8CBEDC87B563}"
EndProject
Project("{FAE04EC0-301F-11D3-BF4B-00C04F79EFBC}") = "37.EventHND", "37.EventHND\37.EventHND.csproj", "{B03BB1A3-E7B4-4934-AA8B-4CD0AC57E48E}"
EndProject
Project("{FAE04EC0-301F-11D3-BF4B-00C04F79EFBC}") = "38.KeyBoard", "38.KeyBoard\38.KeyBoard.csproj", "{1038547E-C43C-4C27-969F-717AE092252F}"
EndProject
Project("{2150E333-8FDC-42A3-9474-1A3956D46DE8}") = "CS_Element", "CS_Element", "{F2DAE3BE-CE55-4F34-AD00-0D5CA3670D15}"
EndProject
Project("{2150E333-8FDC-42A3-9474-1A3956D46DE8}") = "CS_Socket", "CS_Socket", "{26AF7DD5-690E-415D-97BB-EC28FFF4BEB3}"
EndProject
Project("{FAE04EC0-301F-11D3-BF4B-00C04F79EFBC}") = "01.Socket", "01.Socket\01.Socket.csproj", "{90331F35-6636-4718-B77E-6A7F6E04C201}"
EndProject
Project("{FAE04EC0-301F-11D3-BF4B-00C04F79EFBC}") = "02.IPHostEntry", "02.IPHostEntry\02.IPHostEntry.csproj", "{B4DCA9BE-7570-4CB4-9D79-D517B944478D}"
EndProject
Global
	GlobalSection(SolutionConfigurationPlatforms) = preSolution
		Debug|Any CPU = Debug|Any CPU
		Debug|x64 = Debug|x64
		Debug|x86 = Debug|x86
		Release|Any CPU = Release|Any CPU
		Release|x64 = Release|x64
		Release|x86 = Release|x86
	EndGlobalSection
	GlobalSection(ProjectConfigurationPlatforms) = postSolution
		{6D78A5D0-ABF3-4C5B-A09E-922E3333C3CC}.Debug|Any CPU.ActiveCfg = Debug|Any CPU
		{6D78A5D0-ABF3-4C5B-A09E-922E3333C3CC}.Debug|Any CPU.Build.0 = Debug|Any CPU
		{6D78A5D0-ABF3-4C5B-A09E-922E3333C3CC}.Debug|x64.ActiveCfg = Debug|Any CPU
		{6D78A5D0-ABF3-4C5B-A09E-922E3333C3CC}.Debug|x64.Build.0 = Debug|Any CPU
		{6D78A5D0-ABF3-4C5B-A09E-922E3333C3CC}.Debug|x86.ActiveCfg = Debug|Any CPU
		{6D78A5D0-ABF3-4C5B-A09E-922E3333C3CC}.Debug|x86.Build.0 = Debug|Any CPU
		{6D78A5D0-ABF3-4C5B-A09E-922E3333C3CC}.Release|Any CPU.ActiveCfg = Release|Any CPU
		{6D78A5D0-ABF3-4C5B-A09E-922E3333C3CC}.Release|Any CPU.Build.0 = Release|Any CPU
		{6D78A5D0-ABF3-4C5B-A09E-922E3333C3CC}.Release|x64.ActiveCfg = Release|Any CPU
		{6D78A5D0-ABF3-4C5B-A09E-922E3333C3CC}.Release|x64.Build.0 = Release|Any CPU
		{6D78A5D0-ABF3-4C5B-A09E-922E3333C3CC}.Release|x86.ActiveCfg = Release|Any CPU
		{6D78A5D0-ABF3-4C5B-A09E-922E3333C3CC}.Release|x86.Build.0 = Release|Any CPU
		{2BF96194-418E-4062-8368-338F52CCF283}.Debug|Any CPU.ActiveCfg = Debug|Any CPU
		{2BF96194-418E-4062-8368-338F52CCF283}.Debug|Any CPU.Build.0 = Debug|Any CPU
		{2BF96194-418E-4062-8368-338F52CCF283}.Debug|x64.ActiveCfg = Debug|Any CPU
		{2BF96194-418E-4062-8368-338F52CCF283}.Debug|x64.Build.0 = Debug|Any CPU
		{2BF96194-418E-4062-8368-338F52CCF283}.Debug|x86.ActiveCfg = Debug|Any CPU
		{2BF96194-418E-4062-8368-338F52CCF283}.Debug|x86.Build.0 = Debug|Any CPU
		{2BF96194-418E-4062-8368-338F52CCF283}.Release|Any CPU.ActiveCfg = Release|Any CPU
		{2BF96194-418E-4062-8368-338F52CCF283}.Release|Any CPU.Build.0 = Release|Any CPU
		{2BF96194-418E-4062-8368-338F52CCF283}.Release|x64.ActiveCfg = Release|Any CPU
		{2BF96194-418E-4062-8368-338F52CCF283}.Release|x64.Build.0 = Release|Any CPU
		{2BF96194-418E-4062-8368-338F52CCF283}.Release|x86.ActiveCfg = Release|Any CPU
		{2BF96194-418E-4062-8368-338F52CCF283}.Release|x86.Build.0 = Release|Any CPU
		{FD287D13-5AE4-4211-ABB4-D4A062604B34}.Debug|Any CPU.ActiveCfg = Debug|Any CPU
		{FD287D13-5AE4-4211-ABB4-D4A062604B34}.Debug|Any CPU.Build.0 = Debug|Any CPU
		{FD287D13-5AE4-4211-ABB4-D4A062604B34}.Debug|x64.ActiveCfg = Debug|Any CPU
		{FD287D13-5AE4-4211-ABB4-D4A062604B34}.Debug|x64.Build.0 = Debug|Any CPU
		{FD287D13-5AE4-4211-ABB4-D4A062604B34}.Debug|x86.ActiveCfg = Debug|Any CPU
		{FD287D13-5AE4-4211-ABB4-D4A062604B34}.Debug|x86.Build.0 = Debug|Any CPU
		{FD287D13-5AE4-4211-ABB4-D4A062604B34}.Release|Any CPU.ActiveCfg = Release|Any CPU
		{FD287D13-5AE4-4211-ABB4-D4A062604B34}.Release|Any CPU.Build.0 = Release|Any CPU
		{FD287D13-5AE4-4211-ABB4-D4A062604B34}.Release|x64.ActiveCfg = Release|Any CPU
		{FD287D13-5AE4-4211-ABB4-D4A062604B34}.Release|x64.Build.0 = Release|Any CPU
		{FD287D13-5AE4-4211-ABB4-D4A062604B34}.Release|x86.ActiveCfg = Release|Any CPU
		{FD287D13-5AE4-4211-ABB4-D4A062604B34}.Release|x86.Build.0 = Release|Any CPU
		{03273EEE-CCE3-4A50-A196-E759397FA620}.Debug|Any CPU.ActiveCfg = Debug|Any CPU
		{03273EEE-CCE3-4A50-A196-E759397FA620}.Debug|Any CPU.Build.0 = Debug|Any CPU
		{03273EEE-CCE3-4A50-A196-E759397FA620}.Debug|x64.ActiveCfg = Debug|Any CPU
		{03273EEE-CCE3-4A50-A196-E759397FA620}.Debug|x64.Build.0 = Debug|Any CPU
		{03273EEE-CCE3-4A50-A196-E759397FA620}.Debug|x86.ActiveCfg = Debug|Any CPU
		{03273EEE-CCE3-4A50-A196-E759397FA620}.Debug|x86.Build.0 = Debug|Any CPU
		{03273EEE-CCE3-4A50-A196-E759397FA620}.Release|Any CPU.ActiveCfg = Release|Any CPU
		{03273EEE-CCE3-4A50-A196-E759397FA620}.Release|Any CPU.Build.0 = Release|Any CPU
		{03273EEE-CCE3-4A50-A196-E759397FA620}.Release|x64.ActiveCfg = Release|Any CPU
		{03273EEE-CCE3-4A50-A196-E759397FA620}.Release|x64.Build.0 = Release|Any CPU
		{03273EEE-CCE3-4A50-A196-E759397FA620}.Release|x86.ActiveCfg = Release|Any CPU
		{03273EEE-CCE3-4A50-A196-E759397FA620}.Release|x86.Build.0 = Release|Any CPU
		{936E35C4-0A17-4854-8ADD-52B8A99C94D7}.Debug|Any CPU.ActiveCfg = Debug|Any CPU
		{936E35C4-0A17-4854-8ADD-52B8A99C94D7}.Debug|Any CPU.Build.0 = Debug|Any CPU
		{936E35C4-0A17-4854-8ADD-52B8A99C94D7}.Debug|x64.ActiveCfg = Debug|Any CPU
		{936E35C4-0A17-4854-8ADD-52B8A99C94D7}.Debug|x64.Build.0 = Debug|Any CPU
		{936E35C4-0A17-4854-8ADD-52B8A99C94D7}.Debug|x86.ActiveCfg = Debug|Any CPU
		{936E35C4-0A17-4854-8ADD-52B8A99C94D7}.Debug|x86.Build.0 = Debug|Any CPU
		{936E35C4-0A17-4854-8ADD-52B8A99C94D7}.Release|Any CPU.ActiveCfg = Release|Any CPU
		{936E35C4-0A17-4854-8ADD-52B8A99C94D7}.Release|Any CPU.Build.0 = Release|Any CPU
		{936E35C4-0A17-4854-8ADD-52B8A99C94D7}.Release|x64.ActiveCfg = Release|Any CPU
		{936E35C4-0A17-4854-8ADD-52B8A99C94D7}.Release|x64.Build.0 = Release|Any CPU
		{936E35C4-0A17-4854-8ADD-52B8A99C94D7}.Release|x86.ActiveCfg = Release|Any CPU
		{936E35C4-0A17-4854-8ADD-52B8A99C94D7}.Release|x86.Build.0 = Release|Any CPU
		{89B6DD00-76E0-425C-BF98-97CE05748FEA}.Debug|Any CPU.ActiveCfg = Debug|Any CPU
		{89B6DD00-76E0-425C-BF98-97CE05748FEA}.Debug|Any CPU.Build.0 = Debug|Any CPU
		{89B6DD00-76E0-425C-BF98-97CE05748FEA}.Debug|x64.ActiveCfg = Debug|Any CPU
		{89B6DD00-76E0-425C-BF98-97CE05748FEA}.Debug|x64.Build.0 = Debug|Any CPU
		{89B6DD00-76E0-425C-BF98-97CE05748FEA}.Debug|x86.ActiveCfg = Debug|Any CPU
		{89B6DD00-76E0-425C-BF98-97CE05748FEA}.Debug|x86.Build.0 = Debug|Any CPU
		{89B6DD00-76E0-425C-BF98-97CE05748FEA}.Release|Any CPU.ActiveCfg = Release|Any CPU
		{89B6DD00-76E0-425C-BF98-97CE05748FEA}.Release|Any CPU.Build.0 = Release|Any CPU
		{89B6DD00-76E0-425C-BF98-97CE05748FEA}.Release|x64.ActiveCfg = Release|Any CPU
		{89B6DD00-76E0-425C-BF98-97CE05748FEA}.Release|x64.Build.0 = Release|Any CPU
		{89B6DD00-76E0-425C-BF98-97CE05748FEA}.Release|x86.ActiveCfg = Release|Any CPU
		{89B6DD00-76E0-425C-BF98-97CE05748FEA}.Release|x86.Build.0 = Release|Any CPU
		{1756007B-C025-48D5-8E74-EE7D8AF8DE88}.Debug|Any CPU.ActiveCfg = Debug|Any CPU
		{1756007B-C025-48D5-8E74-EE7D8AF8DE88}.Debug|Any CPU.Build.0 = Debug|Any CPU
		{1756007B-C025-48D5-8E74-EE7D8AF8DE88}.Debug|x64.ActiveCfg = Debug|Any CPU
		{1756007B-C025-48D5-8E74-EE7D8AF8DE88}.Debug|x64.Build.0 = Debug|Any CPU
		{1756007B-C025-48D5-8E74-EE7D8AF8DE88}.Debug|x86.ActiveCfg = Debug|Any CPU
		{1756007B-C025-48D5-8E74-EE7D8AF8DE88}.Debug|x86.Build.0 = Debug|Any CPU
		{1756007B-C025-48D5-8E74-EE7D8AF8DE88}.Release|Any CPU.ActiveCfg = Release|Any CPU
		{1756007B-C025-48D5-8E74-EE7D8AF8DE88}.Release|Any CPU.Build.0 = Release|Any CPU
		{1756007B-C025-48D5-8E74-EE7D8AF8DE88}.Release|x64.ActiveCfg = Release|Any CPU
		{1756007B-C025-48D5-8E74-EE7D8AF8DE88}.Release|x64.Build.0 = Release|Any CPU
		{1756007B-C025-48D5-8E74-EE7D8AF8DE88}.Release|x86.ActiveCfg = Release|Any CPU
		{1756007B-C025-48D5-8E74-EE7D8AF8DE88}.Release|x86.Build.0 = Release|Any CPU
		{E8F04F39-6263-4667-BAD1-6867BAEA40CC}.Debug|Any CPU.ActiveCfg = Debug|Any CPU
		{E8F04F39-6263-4667-BAD1-6867BAEA40CC}.Debug|Any CPU.Build.0 = Debug|Any CPU
		{E8F04F39-6263-4667-BAD1-6867BAEA40CC}.Debug|x64.ActiveCfg = Debug|Any CPU
		{E8F04F39-6263-4667-BAD1-6867BAEA40CC}.Debug|x64.Build.0 = Debug|Any CPU
		{E8F04F39-6263-4667-BAD1-6867BAEA40CC}.Debug|x86.ActiveCfg = Debug|Any CPU
		{E8F04F39-6263-4667-BAD1-6867BAEA40CC}.Debug|x86.Build.0 = Debug|Any CPU
		{E8F04F39-6263-4667-BAD1-6867BAEA40CC}.Release|Any CPU.ActiveCfg = Release|Any CPU
		{E8F04F39-6263-4667-BAD1-6867BAEA40CC}.Release|Any CPU.Build.0 = Release|Any CPU
		{E8F04F39-6263-4667-BAD1-6867BAEA40CC}.Release|x64.ActiveCfg = Release|Any CPU
		{E8F04F39-6263-4667-BAD1-6867BAEA40CC}.Release|x64.Build.0 = Release|Any CPU
		{E8F04F39-6263-4667-BAD1-6867BAEA40CC}.Release|x86.ActiveCfg = Release|Any CPU
		{E8F04F39-6263-4667-BAD1-6867BAEA40CC}.Release|x86.Build.0 = Release|Any CPU
		{9F38B6A2-25F5-435B-B87D-8BF6A13FFE8E}.Debug|Any CPU.ActiveCfg = Debug|Any CPU
		{9F38B6A2-25F5-435B-B87D-8BF6A13FFE8E}.Debug|Any CPU.Build.0 = Debug|Any CPU
		{9F38B6A2-25F5-435B-B87D-8BF6A13FFE8E}.Debug|x64.ActiveCfg = Debug|Any CPU
		{9F38B6A2-25F5-435B-B87D-8BF6A13FFE8E}.Debug|x64.Build.0 = Debug|Any CPU
		{9F38B6A2-25F5-435B-B87D-8BF6A13FFE8E}.Debug|x86.ActiveCfg = Debug|Any CPU
		{9F38B6A2-25F5-435B-B87D-8BF6A13FFE8E}.Debug|x86.Build.0 = Debug|Any CPU
		{9F38B6A2-25F5-435B-B87D-8BF6A13FFE8E}.Release|Any CPU.ActiveCfg = Release|Any CPU
		{9F38B6A2-25F5-435B-B87D-8BF6A13FFE8E}.Release|Any CPU.Build.0 = Release|Any CPU
		{9F38B6A2-25F5-435B-B87D-8BF6A13FFE8E}.Release|x64.ActiveCfg = Release|Any CPU
		{9F38B6A2-25F5-435B-B87D-8BF6A13FFE8E}.Release|x64.Build.0 = Release|Any CPU
		{9F38B6A2-25F5-435B-B87D-8BF6A13FFE8E}.Release|x86.ActiveCfg = Release|Any CPU
		{9F38B6A2-25F5-435B-B87D-8BF6A13FFE8E}.Release|x86.Build.0 = Release|Any CPU
		{3D4880D6-B4B8-4122-8FB6-FEEB99F2A29B}.Debug|Any CPU.ActiveCfg = Debug|Any CPU
		{3D4880D6-B4B8-4122-8FB6-FEEB99F2A29B}.Debug|Any CPU.Build.0 = Debug|Any CPU
		{3D4880D6-B4B8-4122-8FB6-FEEB99F2A29B}.Debug|x64.ActiveCfg = Debug|Any CPU
		{3D4880D6-B4B8-4122-8FB6-FEEB99F2A29B}.Debug|x64.Build.0 = Debug|Any CPU
		{3D4880D6-B4B8-4122-8FB6-FEEB99F2A29B}.Debug|x86.ActiveCfg = Debug|Any CPU
		{3D4880D6-B4B8-4122-8FB6-FEEB99F2A29B}.Debug|x86.Build.0 = Debug|Any CPU
		{3D4880D6-B4B8-4122-8FB6-FEEB99F2A29B}.Release|Any CPU.ActiveCfg = Release|Any CPU
		{3D4880D6-B4B8-4122-8FB6-FEEB99F2A29B}.Release|Any CPU.Build.0 = Release|Any CPU
		{3D4880D6-B4B8-4122-8FB6-FEEB99F2A29B}.Release|x64.ActiveCfg = Release|Any CPU
		{3D4880D6-B4B8-4122-8FB6-FEEB99F2A29B}.Release|x64.Build.0 = Release|Any CPU
		{3D4880D6-B4B8-4122-8FB6-FEEB99F2A29B}.Release|x86.ActiveCfg = Release|Any CPU
		{3D4880D6-B4B8-4122-8FB6-FEEB99F2A29B}.Release|x86.Build.0 = Release|Any CPU
		{40E6E30A-41FC-431E-BC02-D98AE3B21C23}.Debug|Any CPU.ActiveCfg = Debug|Any CPU
		{40E6E30A-41FC-431E-BC02-D98AE3B21C23}.Debug|Any CPU.Build.0 = Debug|Any CPU
		{40E6E30A-41FC-431E-BC02-D98AE3B21C23}.Debug|x64.ActiveCfg = Debug|Any CPU
		{40E6E30A-41FC-431E-BC02-D98AE3B21C23}.Debug|x64.Build.0 = Debug|Any CPU
		{40E6E30A-41FC-431E-BC02-D98AE3B21C23}.Debug|x86.ActiveCfg = Debug|Any CPU
		{40E6E30A-41FC-431E-BC02-D98AE3B21C23}.Debug|x86.Build.0 = Debug|Any CPU
		{40E6E30A-41FC-431E-BC02-D98AE3B21C23}.Release|Any CPU.ActiveCfg = Release|Any CPU
		{40E6E30A-41FC-431E-BC02-D98AE3B21C23}.Release|Any CPU.Build.0 = Release|Any CPU
		{40E6E30A-41FC-431E-BC02-D98AE3B21C23}.Release|x64.ActiveCfg = Release|Any CPU
		{40E6E30A-41FC-431E-BC02-D98AE3B21C23}.Release|x64.Build.0 = Release|Any CPU
		{40E6E30A-41FC-431E-BC02-D98AE3B21C23}.Release|x86.ActiveCfg = Release|Any CPU
		{40E6E30A-41FC-431E-BC02-D98AE3B21C23}.Release|x86.Build.0 = Release|Any CPU
		{F164C340-1206-4E04-8377-E983549836B3}.Debug|Any CPU.ActiveCfg = Debug|Any CPU
		{F164C340-1206-4E04-8377-E983549836B3}.Debug|Any CPU.Build.0 = Debug|Any CPU
		{F164C340-1206-4E04-8377-E983549836B3}.Debug|x64.ActiveCfg = Debug|Any CPU
		{F164C340-1206-4E04-8377-E983549836B3}.Debug|x64.Build.0 = Debug|Any CPU
		{F164C340-1206-4E04-8377-E983549836B3}.Debug|x86.ActiveCfg = Debug|Any CPU
		{F164C340-1206-4E04-8377-E983549836B3}.Debug|x86.Build.0 = Debug|Any CPU
		{F164C340-1206-4E04-8377-E983549836B3}.Release|Any CPU.ActiveCfg = Release|Any CPU
		{F164C340-1206-4E04-8377-E983549836B3}.Release|Any CPU.Build.0 = Release|Any CPU
		{F164C340-1206-4E04-8377-E983549836B3}.Release|x64.ActiveCfg = Release|Any CPU
		{F164C340-1206-4E04-8377-E983549836B3}.Release|x64.Build.0 = Release|Any CPU
		{F164C340-1206-4E04-8377-E983549836B3}.Release|x86.ActiveCfg = Release|Any CPU
		{F164C340-1206-4E04-8377-E983549836B3}.Release|x86.Build.0 = Release|Any CPU
		{A627A32A-7C23-427B-B52D-DDFDE95E2270}.Debug|Any CPU.ActiveCfg = Debug|Any CPU
		{A627A32A-7C23-427B-B52D-DDFDE95E2270}.Debug|Any CPU.Build.0 = Debug|Any CPU
		{A627A32A-7C23-427B-B52D-DDFDE95E2270}.Debug|x64.ActiveCfg = Debug|Any CPU
		{A627A32A-7C23-427B-B52D-DDFDE95E2270}.Debug|x64.Build.0 = Debug|Any CPU
		{A627A32A-7C23-427B-B52D-DDFDE95E2270}.Debug|x86.ActiveCfg = Debug|Any CPU
		{A627A32A-7C23-427B-B52D-DDFDE95E2270}.Debug|x86.Build.0 = Debug|Any CPU
		{A627A32A-7C23-427B-B52D-DDFDE95E2270}.Release|Any CPU.ActiveCfg = Release|Any CPU
		{A627A32A-7C23-427B-B52D-DDFDE95E2270}.Release|Any CPU.Build.0 = Release|Any CPU
		{A627A32A-7C23-427B-B52D-DDFDE95E2270}.Release|x64.ActiveCfg = Release|Any CPU
		{A627A32A-7C23-427B-B52D-DDFDE95E2270}.Release|x64.Build.0 = Release|Any CPU
		{A627A32A-7C23-427B-B52D-DDFDE95E2270}.Release|x86.ActiveCfg = Release|Any CPU
		{A627A32A-7C23-427B-B52D-DDFDE95E2270}.Release|x86.Build.0 = Release|Any CPU
		{895BD81E-8CED-457C-B368-FB2C52868D48}.Debug|Any CPU.ActiveCfg = Debug|Any CPU
		{895BD81E-8CED-457C-B368-FB2C52868D48}.Debug|Any CPU.Build.0 = Debug|Any CPU
		{895BD81E-8CED-457C-B368-FB2C52868D48}.Debug|x64.ActiveCfg = Debug|Any CPU
		{895BD81E-8CED-457C-B368-FB2C52868D48}.Debug|x64.Build.0 = Debug|Any CPU
		{895BD81E-8CED-457C-B368-FB2C52868D48}.Debug|x86.ActiveCfg = Debug|Any CPU
		{895BD81E-8CED-457C-B368-FB2C52868D48}.Debug|x86.Build.0 = Debug|Any CPU
		{895BD81E-8CED-457C-B368-FB2C52868D48}.Release|Any CPU.ActiveCfg = Release|Any CPU
		{895BD81E-8CED-457C-B368-FB2C52868D48}.Release|Any CPU.Build.0 = Release|Any CPU
		{895BD81E-8CED-457C-B368-FB2C52868D48}.Release|x64.ActiveCfg = Release|Any CPU
		{895BD81E-8CED-457C-B368-FB2C52868D48}.Release|x64.Build.0 = Release|Any CPU
		{895BD81E-8CED-457C-B368-FB2C52868D48}.Release|x86.ActiveCfg = Release|Any CPU
		{895BD81E-8CED-457C-B368-FB2C52868D48}.Release|x86.Build.0 = Release|Any CPU
		{5513C85B-FF3C-4EBC-A0FB-DA56B20514FE}.Debug|Any CPU.ActiveCfg = Debug|Any CPU
		{5513C85B-FF3C-4EBC-A0FB-DA56B20514FE}.Debug|Any CPU.Build.0 = Debug|Any CPU
		{5513C85B-FF3C-4EBC-A0FB-DA56B20514FE}.Debug|x64.ActiveCfg = Debug|Any CPU
		{5513C85B-FF3C-4EBC-A0FB-DA56B20514FE}.Debug|x64.Build.0 = Debug|Any CPU
		{5513C85B-FF3C-4EBC-A0FB-DA56B20514FE}.Debug|x86.ActiveCfg = Debug|Any CPU
		{5513C85B-FF3C-4EBC-A0FB-DA56B20514FE}.Debug|x86.Build.0 = Debug|Any CPU
		{5513C85B-FF3C-4EBC-A0FB-DA56B20514FE}.Release|Any CPU.ActiveCfg = Release|Any CPU
		{5513C85B-FF3C-4EBC-A0FB-DA56B20514FE}.Release|Any CPU.Build.0 = Release|Any CPU
		{5513C85B-FF3C-4EBC-A0FB-DA56B20514FE}.Release|x64.ActiveCfg = Release|Any CPU
		{5513C85B-FF3C-4EBC-A0FB-DA56B20514FE}.Release|x64.Build.0 = Release|Any CPU
		{5513C85B-FF3C-4EBC-A0FB-DA56B20514FE}.Release|x86.ActiveCfg = Release|Any CPU
		{5513C85B-FF3C-4EBC-A0FB-DA56B20514FE}.Release|x86.Build.0 = Release|Any CPU
		{1D991986-B620-46DE-B715-C25D70437B24}.Debug|Any CPU.ActiveCfg = Debug|Any CPU
		{1D991986-B620-46DE-B715-C25D70437B24}.Debug|Any CPU.Build.0 = Debug|Any CPU
		{1D991986-B620-46DE-B715-C25D70437B24}.Debug|x64.ActiveCfg = Debug|Any CPU
		{1D991986-B620-46DE-B715-C25D70437B24}.Debug|x64.Build.0 = Debug|Any CPU
		{1D991986-B620-46DE-B715-C25D70437B24}.Debug|x86.ActiveCfg = Debug|Any CPU
		{1D991986-B620-46DE-B715-C25D70437B24}.Debug|x86.Build.0 = Debug|Any CPU
		{1D991986-B620-46DE-B715-C25D70437B24}.Release|Any CPU.ActiveCfg = Release|Any CPU
		{1D991986-B620-46DE-B715-C25D70437B24}.Release|Any CPU.Build.0 = Release|Any CPU
		{1D991986-B620-46DE-B715-C25D70437B24}.Release|x64.ActiveCfg = Release|Any CPU
		{1D991986-B620-46DE-B715-C25D70437B24}.Release|x64.Build.0 = Release|Any CPU
		{1D991986-B620-46DE-B715-C25D70437B24}.Release|x86.ActiveCfg = Release|Any CPU
		{1D991986-B620-46DE-B715-C25D70437B24}.Release|x86.Build.0 = Release|Any CPU
		{3163FCB7-241C-4308-8C7D-7F9FF63FC5C6}.Debug|Any CPU.ActiveCfg = Debug|Any CPU
		{3163FCB7-241C-4308-8C7D-7F9FF63FC5C6}.Debug|Any CPU.Build.0 = Debug|Any CPU
		{3163FCB7-241C-4308-8C7D-7F9FF63FC5C6}.Debug|x64.ActiveCfg = Debug|Any CPU
		{3163FCB7-241C-4308-8C7D-7F9FF63FC5C6}.Debug|x64.Build.0 = Debug|Any CPU
		{3163FCB7-241C-4308-8C7D-7F9FF63FC5C6}.Debug|x86.ActiveCfg = Debug|Any CPU
		{3163FCB7-241C-4308-8C7D-7F9FF63FC5C6}.Debug|x86.Build.0 = Debug|Any CPU
		{3163FCB7-241C-4308-8C7D-7F9FF63FC5C6}.Release|Any CPU.ActiveCfg = Release|Any CPU
		{3163FCB7-241C-4308-8C7D-7F9FF63FC5C6}.Release|Any CPU.Build.0 = Release|Any CPU
		{3163FCB7-241C-4308-8C7D-7F9FF63FC5C6}.Release|x64.ActiveCfg = Release|Any CPU
		{3163FCB7-241C-4308-8C7D-7F9FF63FC5C6}.Release|x64.Build.0 = Release|Any CPU
		{3163FCB7-241C-4308-8C7D-7F9FF63FC5C6}.Release|x86.ActiveCfg = Release|Any CPU
		{3163FCB7-241C-4308-8C7D-7F9FF63FC5C6}.Release|x86.Build.0 = Release|Any CPU
		{99B05DDD-7FE4-4793-9E2F-A193A037E897}.Debug|Any CPU.ActiveCfg = Debug|Any CPU
		{99B05DDD-7FE4-4793-9E2F-A193A037E897}.Debug|Any CPU.Build.0 = Debug|Any CPU
		{99B05DDD-7FE4-4793-9E2F-A193A037E897}.Debug|x64.ActiveCfg = Debug|Any CPU
		{99B05DDD-7FE4-4793-9E2F-A193A037E897}.Debug|x64.Build.0 = Debug|Any CPU
		{99B05DDD-7FE4-4793-9E2F-A193A037E897}.Debug|x86.ActiveCfg = Debug|Any CPU
		{99B05DDD-7FE4-4793-9E2F-A193A037E897}.Debug|x86.Build.0 = Debug|Any CPU
		{99B05DDD-7FE4-4793-9E2F-A193A037E897}.Release|Any CPU.ActiveCfg = Release|Any CPU
		{99B05DDD-7FE4-4793-9E2F-A193A037E897}.Release|Any CPU.Build.0 = Release|Any CPU
		{99B05DDD-7FE4-4793-9E2F-A193A037E897}.Release|x64.ActiveCfg = Release|Any CPU
		{99B05DDD-7FE4-4793-9E2F-A193A037E897}.Release|x64.Build.0 = Release|Any CPU
		{99B05DDD-7FE4-4793-9E2F-A193A037E897}.Release|x86.ActiveCfg = Release|Any CPU
		{99B05DDD-7FE4-4793-9E2F-A193A037E897}.Release|x86.Build.0 = Release|Any CPU
		{2FA3BA6D-5B86-477B-9757-E51F541ECE52}.Debug|Any CPU.ActiveCfg = Debug|Any CPU
		{2FA3BA6D-5B86-477B-9757-E51F541ECE52}.Debug|Any CPU.Build.0 = Debug|Any CPU
		{2FA3BA6D-5B86-477B-9757-E51F541ECE52}.Debug|x64.ActiveCfg = Debug|Any CPU
		{2FA3BA6D-5B86-477B-9757-E51F541ECE52}.Debug|x64.Build.0 = Debug|Any CPU
		{2FA3BA6D-5B86-477B-9757-E51F541ECE52}.Debug|x86.ActiveCfg = Debug|Any CPU
		{2FA3BA6D-5B86-477B-9757-E51F541ECE52}.Debug|x86.Build.0 = Debug|Any CPU
		{2FA3BA6D-5B86-477B-9757-E51F541ECE52}.Release|Any CPU.ActiveCfg = Release|Any CPU
		{2FA3BA6D-5B86-477B-9757-E51F541ECE52}.Release|Any CPU.Build.0 = Release|Any CPU
		{2FA3BA6D-5B86-477B-9757-E51F541ECE52}.Release|x64.ActiveCfg = Release|Any CPU
		{2FA3BA6D-5B86-477B-9757-E51F541ECE52}.Release|x64.Build.0 = Release|Any CPU
		{2FA3BA6D-5B86-477B-9757-E51F541ECE52}.Release|x86.ActiveCfg = Release|Any CPU
		{2FA3BA6D-5B86-477B-9757-E51F541ECE52}.Release|x86.Build.0 = Release|Any CPU
		{2BEAF211-87F7-4FAF-B1CF-20633579B02F}.Debug|Any CPU.ActiveCfg = Debug|Any CPU
		{2BEAF211-87F7-4FAF-B1CF-20633579B02F}.Debug|Any CPU.Build.0 = Debug|Any CPU
		{2BEAF211-87F7-4FAF-B1CF-20633579B02F}.Debug|x64.ActiveCfg = Debug|Any CPU
		{2BEAF211-87F7-4FAF-B1CF-20633579B02F}.Debug|x64.Build.0 = Debug|Any CPU
		{2BEAF211-87F7-4FAF-B1CF-20633579B02F}.Debug|x86.ActiveCfg = Debug|Any CPU
		{2BEAF211-87F7-4FAF-B1CF-20633579B02F}.Debug|x86.Build.0 = Debug|Any CPU
		{2BEAF211-87F7-4FAF-B1CF-20633579B02F}.Release|Any CPU.ActiveCfg = Release|Any CPU
		{2BEAF211-87F7-4FAF-B1CF-20633579B02F}.Release|Any CPU.Build.0 = Release|Any CPU
		{2BEAF211-87F7-4FAF-B1CF-20633579B02F}.Release|x64.ActiveCfg = Release|Any CPU
		{2BEAF211-87F7-4FAF-B1CF-20633579B02F}.Release|x64.Build.0 = Release|Any CPU
		{2BEAF211-87F7-4FAF-B1CF-20633579B02F}.Release|x86.ActiveCfg = Release|Any CPU
		{2BEAF211-87F7-4FAF-B1CF-20633579B02F}.Release|x86.Build.0 = Release|Any CPU
		{70A41148-AD8A-4B0F-AC91-6834CA23E02B}.Debug|Any CPU.ActiveCfg = Debug|Any CPU
		{70A41148-AD8A-4B0F-AC91-6834CA23E02B}.Debug|Any CPU.Build.0 = Debug|Any CPU
		{70A41148-AD8A-4B0F-AC91-6834CA23E02B}.Debug|x64.ActiveCfg = Debug|Any CPU
		{70A41148-AD8A-4B0F-AC91-6834CA23E02B}.Debug|x64.Build.0 = Debug|Any CPU
		{70A41148-AD8A-4B0F-AC91-6834CA23E02B}.Debug|x86.ActiveCfg = Debug|Any CPU
		{70A41148-AD8A-4B0F-AC91-6834CA23E02B}.Debug|x86.Build.0 = Debug|Any CPU
		{70A41148-AD8A-4B0F-AC91-6834CA23E02B}.Release|Any CPU.ActiveCfg = Release|Any CPU
		{70A41148-AD8A-4B0F-AC91-6834CA23E02B}.Release|Any CPU.Build.0 = Release|Any CPU
		{70A41148-AD8A-4B0F-AC91-6834CA23E02B}.Release|x64.ActiveCfg = Release|Any CPU
		{70A41148-AD8A-4B0F-AC91-6834CA23E02B}.Release|x64.Build.0 = Release|Any CPU
		{70A41148-AD8A-4B0F-AC91-6834CA23E02B}.Release|x86.ActiveCfg = Release|Any CPU
		{70A41148-AD8A-4B0F-AC91-6834CA23E02B}.Release|x86.Build.0 = Release|Any CPU
		{A79A8F1D-BD45-47DE-B055-8DCBE45E9CE1}.Debug|Any CPU.ActiveCfg = Debug|Any CPU
		{A79A8F1D-BD45-47DE-B055-8DCBE45E9CE1}.Debug|Any CPU.Build.0 = Debug|Any CPU
		{A79A8F1D-BD45-47DE-B055-8DCBE45E9CE1}.Debug|x64.ActiveCfg = Debug|Any CPU
		{A79A8F1D-BD45-47DE-B055-8DCBE45E9CE1}.Debug|x64.Build.0 = Debug|Any CPU
		{A79A8F1D-BD45-47DE-B055-8DCBE45E9CE1}.Debug|x86.ActiveCfg = Debug|Any CPU
		{A79A8F1D-BD45-47DE-B055-8DCBE45E9CE1}.Debug|x86.Build.0 = Debug|Any CPU
		{A79A8F1D-BD45-47DE-B055-8DCBE45E9CE1}.Release|Any CPU.ActiveCfg = Release|Any CPU
		{A79A8F1D-BD45-47DE-B055-8DCBE45E9CE1}.Release|Any CPU.Build.0 = Release|Any CPU
		{A79A8F1D-BD45-47DE-B055-8DCBE45E9CE1}.Release|x64.ActiveCfg = Release|Any CPU
		{A79A8F1D-BD45-47DE-B055-8DCBE45E9CE1}.Release|x64.Build.0 = Release|Any CPU
		{A79A8F1D-BD45-47DE-B055-8DCBE45E9CE1}.Release|x86.ActiveCfg = Release|Any CPU
		{A79A8F1D-BD45-47DE-B055-8DCBE45E9CE1}.Release|x86.Build.0 = Release|Any CPU
		{816CB041-F8F0-4DE9-9903-95ED1AE2860A}.Debug|Any CPU.ActiveCfg = Debug|Any CPU
		{816CB041-F8F0-4DE9-9903-95ED1AE2860A}.Debug|Any CPU.Build.0 = Debug|Any CPU
		{816CB041-F8F0-4DE9-9903-95ED1AE2860A}.Debug|x64.ActiveCfg = Debug|Any CPU
		{816CB041-F8F0-4DE9-9903-95ED1AE2860A}.Debug|x64.Build.0 = Debug|Any CPU
		{816CB041-F8F0-4DE9-9903-95ED1AE2860A}.Debug|x86.ActiveCfg = Debug|Any CPU
		{816CB041-F8F0-4DE9-9903-95ED1AE2860A}.Debug|x86.Build.0 = Debug|Any CPU
		{816CB041-F8F0-4DE9-9903-95ED1AE2860A}.Release|Any CPU.ActiveCfg = Release|Any CPU
		{816CB041-F8F0-4DE9-9903-95ED1AE2860A}.Release|Any CPU.Build.0 = Release|Any CPU
		{816CB041-F8F0-4DE9-9903-95ED1AE2860A}.Release|x64.ActiveCfg = Release|Any CPU
		{816CB041-F8F0-4DE9-9903-95ED1AE2860A}.Release|x64.Build.0 = Release|Any CPU
		{816CB041-F8F0-4DE9-9903-95ED1AE2860A}.Release|x86.ActiveCfg = Release|Any CPU
		{816CB041-F8F0-4DE9-9903-95ED1AE2860A}.Release|x86.Build.0 = Release|Any CPU
		{44832D91-C15D-490E-8EA1-FB53BB785E94}.Debug|Any CPU.ActiveCfg = Debug|Any CPU
		{44832D91-C15D-490E-8EA1-FB53BB785E94}.Debug|Any CPU.Build.0 = Debug|Any CPU
		{44832D91-C15D-490E-8EA1-FB53BB785E94}.Debug|x64.ActiveCfg = Debug|Any CPU
		{44832D91-C15D-490E-8EA1-FB53BB785E94}.Debug|x64.Build.0 = Debug|Any CPU
		{44832D91-C15D-490E-8EA1-FB53BB785E94}.Debug|x86.ActiveCfg = Debug|Any CPU
		{44832D91-C15D-490E-8EA1-FB53BB785E94}.Debug|x86.Build.0 = Debug|Any CPU
		{44832D91-C15D-490E-8EA1-FB53BB785E94}.Release|Any CPU.ActiveCfg = Release|Any CPU
		{44832D91-C15D-490E-8EA1-FB53BB785E94}.Release|Any CPU.Build.0 = Release|Any CPU
		{44832D91-C15D-490E-8EA1-FB53BB785E94}.Release|x64.ActiveCfg = Release|Any CPU
		{44832D91-C15D-490E-8EA1-FB53BB785E94}.Release|x64.Build.0 = Release|Any CPU
		{44832D91-C15D-490E-8EA1-FB53BB785E94}.Release|x86.ActiveCfg = Release|Any CPU
		{44832D91-C15D-490E-8EA1-FB53BB785E94}.Release|x86.Build.0 = Release|Any CPU
		{3D9728F3-04F4-4C88-9063-406384CFD911}.Debug|Any CPU.ActiveCfg = Debug|Any CPU
		{3D9728F3-04F4-4C88-9063-406384CFD911}.Debug|Any CPU.Build.0 = Debug|Any CPU
		{3D9728F3-04F4-4C88-9063-406384CFD911}.Debug|x64.ActiveCfg = Debug|Any CPU
		{3D9728F3-04F4-4C88-9063-406384CFD911}.Debug|x64.Build.0 = Debug|Any CPU
		{3D9728F3-04F4-4C88-9063-406384CFD911}.Debug|x86.ActiveCfg = Debug|Any CPU
		{3D9728F3-04F4-4C88-9063-406384CFD911}.Debug|x86.Build.0 = Debug|Any CPU
		{3D9728F3-04F4-4C88-9063-406384CFD911}.Release|Any CPU.ActiveCfg = Release|Any CPU
		{3D9728F3-04F4-4C88-9063-406384CFD911}.Release|Any CPU.Build.0 = Release|Any CPU
		{3D9728F3-04F4-4C88-9063-406384CFD911}.Release|x64.ActiveCfg = Release|Any CPU
		{3D9728F3-04F4-4C88-9063-406384CFD911}.Release|x64.Build.0 = Release|Any CPU
		{3D9728F3-04F4-4C88-9063-406384CFD911}.Release|x86.ActiveCfg = Release|Any CPU
		{3D9728F3-04F4-4C88-9063-406384CFD911}.Release|x86.Build.0 = Release|Any CPU
		{43A133E0-8AA6-43B8-97EB-B8B8AC5D537F}.Debug|Any CPU.ActiveCfg = Debug|Any CPU
		{43A133E0-8AA6-43B8-97EB-B8B8AC5D537F}.Debug|Any CPU.Build.0 = Debug|Any CPU
		{43A133E0-8AA6-43B8-97EB-B8B8AC5D537F}.Debug|x64.ActiveCfg = Debug|Any CPU
		{43A133E0-8AA6-43B8-97EB-B8B8AC5D537F}.Debug|x64.Build.0 = Debug|Any CPU
		{43A133E0-8AA6-43B8-97EB-B8B8AC5D537F}.Debug|x86.ActiveCfg = Debug|Any CPU
		{43A133E0-8AA6-43B8-97EB-B8B8AC5D537F}.Debug|x86.Build.0 = Debug|Any CPU
		{43A133E0-8AA6-43B8-97EB-B8B8AC5D537F}.Release|Any CPU.ActiveCfg = Release|Any CPU
		{43A133E0-8AA6-43B8-97EB-B8B8AC5D537F}.Release|Any CPU.Build.0 = Release|Any CPU
		{43A133E0-8AA6-43B8-97EB-B8B8AC5D537F}.Release|x64.ActiveCfg = Release|Any CPU
		{43A133E0-8AA6-43B8-97EB-B8B8AC5D537F}.Release|x64.Build.0 = Release|Any CPU
		{43A133E0-8AA6-43B8-97EB-B8B8AC5D537F}.Release|x86.ActiveCfg = Release|Any CPU
		{43A133E0-8AA6-43B8-97EB-B8B8AC5D537F}.Release|x86.Build.0 = Release|Any CPU
		{E93C5FF7-605F-4AC6-B369-B3CABF0430E7}.Debug|Any CPU.ActiveCfg = Debug|Any CPU
		{E93C5FF7-605F-4AC6-B369-B3CABF0430E7}.Debug|Any CPU.Build.0 = Debug|Any CPU
		{E93C5FF7-605F-4AC6-B369-B3CABF0430E7}.Debug|x64.ActiveCfg = Debug|Any CPU
		{E93C5FF7-605F-4AC6-B369-B3CABF0430E7}.Debug|x64.Build.0 = Debug|Any CPU
		{E93C5FF7-605F-4AC6-B369-B3CABF0430E7}.Debug|x86.ActiveCfg = Debug|Any CPU
		{E93C5FF7-605F-4AC6-B369-B3CABF0430E7}.Debug|x86.Build.0 = Debug|Any CPU
		{E93C5FF7-605F-4AC6-B369-B3CABF0430E7}.Release|Any CPU.ActiveCfg = Release|Any CPU
		{E93C5FF7-605F-4AC6-B369-B3CABF0430E7}.Release|Any CPU.Build.0 = Release|Any CPU
		{E93C5FF7-605F-4AC6-B369-B3CABF0430E7}.Release|x64.ActiveCfg = Release|Any CPU
		{E93C5FF7-605F-4AC6-B369-B3CABF0430E7}.Release|x64.Build.0 = Release|Any CPU
		{E93C5FF7-605F-4AC6-B369-B3CABF0430E7}.Release|x86.ActiveCfg = Release|Any CPU
		{E93C5FF7-605F-4AC6-B369-B3CABF0430E7}.Release|x86.Build.0 = Release|Any CPU
		{2A6D3E5E-2597-4C27-855A-426E5D19EFA6}.Debug|Any CPU.ActiveCfg = Debug|Any CPU
		{2A6D3E5E-2597-4C27-855A-426E5D19EFA6}.Debug|Any CPU.Build.0 = Debug|Any CPU
		{2A6D3E5E-2597-4C27-855A-426E5D19EFA6}.Debug|x64.ActiveCfg = Debug|Any CPU
		{2A6D3E5E-2597-4C27-855A-426E5D19EFA6}.Debug|x64.Build.0 = Debug|Any CPU
		{2A6D3E5E-2597-4C27-855A-426E5D19EFA6}.Debug|x86.ActiveCfg = Debug|Any CPU
		{2A6D3E5E-2597-4C27-855A-426E5D19EFA6}.Debug|x86.Build.0 = Debug|Any CPU
		{2A6D3E5E-2597-4C27-855A-426E5D19EFA6}.Release|Any CPU.ActiveCfg = Release|Any CPU
		{2A6D3E5E-2597-4C27-855A-426E5D19EFA6}.Release|Any CPU.Build.0 = Release|Any CPU
		{2A6D3E5E-2597-4C27-855A-426E5D19EFA6}.Release|x64.ActiveCfg = Release|Any CPU
		{2A6D3E5E-2597-4C27-855A-426E5D19EFA6}.Release|x64.Build.0 = Release|Any CPU
		{2A6D3E5E-2597-4C27-855A-426E5D19EFA6}.Release|x86.ActiveCfg = Release|Any CPU
		{2A6D3E5E-2597-4C27-855A-426E5D19EFA6}.Release|x86.Build.0 = Release|Any CPU
		{501CA3CA-F823-46A1-B688-69C90ECB5D67}.Debug|Any CPU.ActiveCfg = Debug|Any CPU
		{501CA3CA-F823-46A1-B688-69C90ECB5D67}.Debug|Any CPU.Build.0 = Debug|Any CPU
		{501CA3CA-F823-46A1-B688-69C90ECB5D67}.Debug|x64.ActiveCfg = Debug|Any CPU
		{501CA3CA-F823-46A1-B688-69C90ECB5D67}.Debug|x64.Build.0 = Debug|Any CPU
		{501CA3CA-F823-46A1-B688-69C90ECB5D67}.Debug|x86.ActiveCfg = Debug|Any CPU
		{501CA3CA-F823-46A1-B688-69C90ECB5D67}.Debug|x86.Build.0 = Debug|Any CPU
		{501CA3CA-F823-46A1-B688-69C90ECB5D67}.Release|Any CPU.ActiveCfg = Release|Any CPU
		{501CA3CA-F823-46A1-B688-69C90ECB5D67}.Release|Any CPU.Build.0 = Release|Any CPU
		{501CA3CA-F823-46A1-B688-69C90ECB5D67}.Release|x64.ActiveCfg = Release|Any CPU
		{501CA3CA-F823-46A1-B688-69C90ECB5D67}.Release|x64.Build.0 = Release|Any CPU
		{501CA3CA-F823-46A1-B688-69C90ECB5D67}.Release|x86.ActiveCfg = Release|Any CPU
		{501CA3CA-F823-46A1-B688-69C90ECB5D67}.Release|x86.Build.0 = Release|Any CPU
		{FE59D7D4-6C36-45AC-9BA3-5A3B8FAC7010}.Debug|Any CPU.ActiveCfg = Debug|Any CPU
		{FE59D7D4-6C36-45AC-9BA3-5A3B8FAC7010}.Debug|Any CPU.Build.0 = Debug|Any CPU
		{FE59D7D4-6C36-45AC-9BA3-5A3B8FAC7010}.Debug|x64.ActiveCfg = Debug|Any CPU
		{FE59D7D4-6C36-45AC-9BA3-5A3B8FAC7010}.Debug|x64.Build.0 = Debug|Any CPU
		{FE59D7D4-6C36-45AC-9BA3-5A3B8FAC7010}.Debug|x86.ActiveCfg = Debug|Any CPU
		{FE59D7D4-6C36-45AC-9BA3-5A3B8FAC7010}.Debug|x86.Build.0 = Debug|Any CPU
		{FE59D7D4-6C36-45AC-9BA3-5A3B8FAC7010}.Release|Any CPU.ActiveCfg = Release|Any CPU
		{FE59D7D4-6C36-45AC-9BA3-5A3B8FAC7010}.Release|Any CPU.Build.0 = Release|Any CPU
		{FE59D7D4-6C36-45AC-9BA3-5A3B8FAC7010}.Release|x64.ActiveCfg = Release|Any CPU
		{FE59D7D4-6C36-45AC-9BA3-5A3B8FAC7010}.Release|x64.Build.0 = Release|Any CPU
		{FE59D7D4-6C36-45AC-9BA3-5A3B8FAC7010}.Release|x86.ActiveCfg = Release|Any CPU
		{FE59D7D4-6C36-45AC-9BA3-5A3B8FAC7010}.Release|x86.Build.0 = Release|Any CPU
		{F7F74748-ED45-41EA-BE45-B0408E1D6E02}.Debug|Any CPU.ActiveCfg = Debug|Any CPU
		{F7F74748-ED45-41EA-BE45-B0408E1D6E02}.Debug|Any CPU.Build.0 = Debug|Any CPU
		{F7F74748-ED45-41EA-BE45-B0408E1D6E02}.Debug|x64.ActiveCfg = Debug|Any CPU
		{F7F74748-ED45-41EA-BE45-B0408E1D6E02}.Debug|x64.Build.0 = Debug|Any CPU
		{F7F74748-ED45-41EA-BE45-B0408E1D6E02}.Debug|x86.ActiveCfg = Debug|Any CPU
		{F7F74748-ED45-41EA-BE45-B0408E1D6E02}.Debug|x86.Build.0 = Debug|Any CPU
		{F7F74748-ED45-41EA-BE45-B0408E1D6E02}.Release|Any CPU.ActiveCfg = Release|Any CPU
		{F7F74748-ED45-41EA-BE45-B0408E1D6E02}.Release|Any CPU.Build.0 = Release|Any CPU
		{F7F74748-ED45-41EA-BE45-B0408E1D6E02}.Release|x64.ActiveCfg = Release|Any CPU
		{F7F74748-ED45-41EA-BE45-B0408E1D6E02}.Release|x64.Build.0 = Release|Any CPU
		{F7F74748-ED45-41EA-BE45-B0408E1D6E02}.Release|x86.ActiveCfg = Release|Any CPU
		{F7F74748-ED45-41EA-BE45-B0408E1D6E02}.Release|x86.Build.0 = Release|Any CPU
		{EA0B25BF-89F4-498F-93BB-0C4F5171BDBD}.Debug|Any CPU.ActiveCfg = Debug|Any CPU
		{EA0B25BF-89F4-498F-93BB-0C4F5171BDBD}.Debug|Any CPU.Build.0 = Debug|Any CPU
		{EA0B25BF-89F4-498F-93BB-0C4F5171BDBD}.Debug|x64.ActiveCfg = Debug|Any CPU
		{EA0B25BF-89F4-498F-93BB-0C4F5171BDBD}.Debug|x64.Build.0 = Debug|Any CPU
		{EA0B25BF-89F4-498F-93BB-0C4F5171BDBD}.Debug|x86.ActiveCfg = Debug|Any CPU
		{EA0B25BF-89F4-498F-93BB-0C4F5171BDBD}.Debug|x86.Build.0 = Debug|Any CPU
		{EA0B25BF-89F4-498F-93BB-0C4F5171BDBD}.Release|Any CPU.ActiveCfg = Release|Any CPU
		{EA0B25BF-89F4-498F-93BB-0C4F5171BDBD}.Release|Any CPU.Build.0 = Release|Any CPU
		{EA0B25BF-89F4-498F-93BB-0C4F5171BDBD}.Release|x64.ActiveCfg = Release|Any CPU
		{EA0B25BF-89F4-498F-93BB-0C4F5171BDBD}.Release|x64.Build.0 = Release|Any CPU
		{EA0B25BF-89F4-498F-93BB-0C4F5171BDBD}.Release|x86.ActiveCfg = Release|Any CPU
		{EA0B25BF-89F4-498F-93BB-0C4F5171BDBD}.Release|x86.Build.0 = Release|Any CPU
		{8E2D6175-843A-4447-A7D2-94932B459BAD}.Debug|Any CPU.ActiveCfg = Debug|Any CPU
		{8E2D6175-843A-4447-A7D2-94932B459BAD}.Debug|Any CPU.Build.0 = Debug|Any CPU
		{8E2D6175-843A-4447-A7D2-94932B459BAD}.Debug|x64.ActiveCfg = Debug|Any CPU
		{8E2D6175-843A-4447-A7D2-94932B459BAD}.Debug|x64.Build.0 = Debug|Any CPU
		{8E2D6175-843A-4447-A7D2-94932B459BAD}.Debug|x86.ActiveCfg = Debug|Any CPU
		{8E2D6175-843A-4447-A7D2-94932B459BAD}.Debug|x86.Build.0 = Debug|Any CPU
		{8E2D6175-843A-4447-A7D2-94932B459BAD}.Release|Any CPU.ActiveCfg = Release|Any CPU
		{8E2D6175-843A-4447-A7D2-94932B459BAD}.Release|Any CPU.Build.0 = Release|Any CPU
		{8E2D6175-843A-4447-A7D2-94932B459BAD}.Release|x64.ActiveCfg = Release|Any CPU
		{8E2D6175-843A-4447-A7D2-94932B459BAD}.Release|x64.Build.0 = Release|Any CPU
		{8E2D6175-843A-4447-A7D2-94932B459BAD}.Release|x86.ActiveCfg = Release|Any CPU
		{8E2D6175-843A-4447-A7D2-94932B459BAD}.Release|x86.Build.0 = Release|Any CPU
		{E13E0684-7188-444C-B834-41E36DD941F9}.Debug|Any CPU.ActiveCfg = Debug|Any CPU
		{E13E0684-7188-444C-B834-41E36DD941F9}.Debug|Any CPU.Build.0 = Debug|Any CPU
		{E13E0684-7188-444C-B834-41E36DD941F9}.Debug|x64.ActiveCfg = Debug|Any CPU
		{E13E0684-7188-444C-B834-41E36DD941F9}.Debug|x64.Build.0 = Debug|Any CPU
		{E13E0684-7188-444C-B834-41E36DD941F9}.Debug|x86.ActiveCfg = Debug|Any CPU
		{E13E0684-7188-444C-B834-41E36DD941F9}.Debug|x86.Build.0 = Debug|Any CPU
		{E13E0684-7188-444C-B834-41E36DD941F9}.Release|Any CPU.ActiveCfg = Release|Any CPU
		{E13E0684-7188-444C-B834-41E36DD941F9}.Release|Any CPU.Build.0 = Release|Any CPU
		{E13E0684-7188-444C-B834-41E36DD941F9}.Release|x64.ActiveCfg = Release|Any CPU
		{E13E0684-7188-444C-B834-41E36DD941F9}.Release|x64.Build.0 = Release|Any CPU
		{E13E0684-7188-444C-B834-41E36DD941F9}.Release|x86.ActiveCfg = Release|Any CPU
		{E13E0684-7188-444C-B834-41E36DD941F9}.Release|x86.Build.0 = Release|Any CPU
		{58005EF2-940A-496B-A37D-83CAA170B4E6}.Debug|Any CPU.ActiveCfg = Debug|Any CPU
		{58005EF2-940A-496B-A37D-83CAA170B4E6}.Debug|Any CPU.Build.0 = Debug|Any CPU
		{58005EF2-940A-496B-A37D-83CAA170B4E6}.Debug|x64.ActiveCfg = Debug|Any CPU
		{58005EF2-940A-496B-A37D-83CAA170B4E6}.Debug|x64.Build.0 = Debug|Any CPU
		{58005EF2-940A-496B-A37D-83CAA170B4E6}.Debug|x86.ActiveCfg = Debug|Any CPU
		{58005EF2-940A-496B-A37D-83CAA170B4E6}.Debug|x86.Build.0 = Debug|Any CPU
		{58005EF2-940A-496B-A37D-83CAA170B4E6}.Release|Any CPU.ActiveCfg = Release|Any CPU
		{58005EF2-940A-496B-A37D-83CAA170B4E6}.Release|Any CPU.Build.0 = Release|Any CPU
		{58005EF2-940A-496B-A37D-83CAA170B4E6}.Release|x64.ActiveCfg = Release|Any CPU
		{58005EF2-940A-496B-A37D-83CAA170B4E6}.Release|x64.Build.0 = Release|Any CPU
		{58005EF2-940A-496B-A37D-83CAA170B4E6}.Release|x86.ActiveCfg = Release|Any CPU
		{58005EF2-940A-496B-A37D-83CAA170B4E6}.Release|x86.Build.0 = Release|Any CPU
		{214C887E-5635-4EEB-B701-8CBEDC87B563}.Debug|Any CPU.ActiveCfg = Debug|Any CPU
		{214C887E-5635-4EEB-B701-8CBEDC87B563}.Debug|Any CPU.Build.0 = Debug|Any CPU
		{214C887E-5635-4EEB-B701-8CBEDC87B563}.Debug|x64.ActiveCfg = Debug|Any CPU
		{214C887E-5635-4EEB-B701-8CBEDC87B563}.Debug|x64.Build.0 = Debug|Any CPU
		{214C887E-5635-4EEB-B701-8CBEDC87B563}.Debug|x86.ActiveCfg = Debug|Any CPU
		{214C887E-5635-4EEB-B701-8CBEDC87B563}.Debug|x86.Build.0 = Debug|Any CPU
		{214C887E-5635-4EEB-B701-8CBEDC87B563}.Release|Any CPU.ActiveCfg = Release|Any CPU
		{214C887E-5635-4EEB-B701-8CBEDC87B563}.Release|Any CPU.Build.0 = Release|Any CPU
		{214C887E-5635-4EEB-B701-8CBEDC87B563}.Release|x64.ActiveCfg = Release|Any CPU
		{214C887E-5635-4EEB-B701-8CBEDC87B563}.Release|x64.Build.0 = Release|Any CPU
		{214C887E-5635-4EEB-B701-8CBEDC87B563}.Release|x86.ActiveCfg = Release|Any CPU
		{214C887E-5635-4EEB-B701-8CBEDC87B563}.Release|x86.Build.0 = Release|Any CPU
		{B03BB1A3-E7B4-4934-AA8B-4CD0AC57E48E}.Debug|Any CPU.ActiveCfg = Debug|Any CPU
		{B03BB1A3-E7B4-4934-AA8B-4CD0AC57E48E}.Debug|Any CPU.Build.0 = Debug|Any CPU
		{B03BB1A3-E7B4-4934-AA8B-4CD0AC57E48E}.Debug|x64.ActiveCfg = Debug|Any CPU
		{B03BB1A3-E7B4-4934-AA8B-4CD0AC57E48E}.Debug|x64.Build.0 = Debug|Any CPU
		{B03BB1A3-E7B4-4934-AA8B-4CD0AC57E48E}.Debug|x86.ActiveCfg = Debug|Any CPU
		{B03BB1A3-E7B4-4934-AA8B-4CD0AC57E48E}.Debug|x86.Build.0 = Debug|Any CPU
		{B03BB1A3-E7B4-4934-AA8B-4CD0AC57E48E}.Release|Any CPU.ActiveCfg = Release|Any CPU
		{B03BB1A3-E7B4-4934-AA8B-4CD0AC57E48E}.Release|Any CPU.Build.0 = Release|Any CPU
		{B03BB1A3-E7B4-4934-AA8B-4CD0AC57E48E}.Release|x64.ActiveCfg = Release|Any CPU
		{B03BB1A3-E7B4-4934-AA8B-4CD0AC57E48E}.Release|x64.Build.0 = Release|Any CPU
		{B03BB1A3-E7B4-4934-AA8B-4CD0AC57E48E}.Release|x86.ActiveCfg = Release|Any CPU
		{B03BB1A3-E7B4-4934-AA8B-4CD0AC57E48E}.Release|x86.Build.0 = Release|Any CPU
		{1038547E-C43C-4C27-969F-717AE092252F}.Debug|Any CPU.ActiveCfg = Debug|Any CPU
		{1038547E-C43C-4C27-969F-717AE092252F}.Debug|Any CPU.Build.0 = Debug|Any CPU
		{1038547E-C43C-4C27-969F-717AE092252F}.Debug|x64.ActiveCfg = Debug|Any CPU
		{1038547E-C43C-4C27-969F-717AE092252F}.Debug|x64.Build.0 = Debug|Any CPU
		{1038547E-C43C-4C27-969F-717AE092252F}.Debug|x86.ActiveCfg = Debug|Any CPU
		{1038547E-C43C-4C27-969F-717AE092252F}.Debug|x86.Build.0 = Debug|Any CPU
		{1038547E-C43C-4C27-969F-717AE092252F}.Release|Any CPU.ActiveCfg = Release|Any CPU
		{1038547E-C43C-4C27-969F-717AE092252F}.Release|Any CPU.Build.0 = Release|Any CPU
		{1038547E-C43C-4C27-969F-717AE092252F}.Release|x64.ActiveCfg = Release|Any CPU
		{1038547E-C43C-4C27-969F-717AE092252F}.Release|x64.Build.0 = Release|Any CPU
		{1038547E-C43C-4C27-969F-717AE092252F}.Release|x86.ActiveCfg = Release|Any CPU
		{1038547E-C43C-4C27-969F-717AE092252F}.Release|x86.Build.0 = Release|Any CPU
		{90331F35-6636-4718-B77E-6A7F6E04C201}.Debug|Any CPU.ActiveCfg = Debug|Any CPU
		{90331F35-6636-4718-B77E-6A7F6E04C201}.Debug|Any CPU.Build.0 = Debug|Any CPU
		{90331F35-6636-4718-B77E-6A7F6E04C201}.Debug|x64.ActiveCfg = Debug|Any CPU
		{90331F35-6636-4718-B77E-6A7F6E04C201}.Debug|x64.Build.0 = Debug|Any CPU
		{90331F35-6636-4718-B77E-6A7F6E04C201}.Debug|x86.ActiveCfg = Debug|Any CPU
		{90331F35-6636-4718-B77E-6A7F6E04C201}.Debug|x86.Build.0 = Debug|Any CPU
		{90331F35-6636-4718-B77E-6A7F6E04C201}.Release|Any CPU.ActiveCfg = Release|Any CPU
		{90331F35-6636-4718-B77E-6A7F6E04C201}.Release|Any CPU.Build.0 = Release|Any CPU
		{90331F35-6636-4718-B77E-6A7F6E04C201}.Release|x64.ActiveCfg = Release|Any CPU
		{90331F35-6636-4718-B77E-6A7F6E04C201}.Release|x64.Build.0 = Release|Any CPU
		{90331F35-6636-4718-B77E-6A7F6E04C201}.Release|x86.ActiveCfg = Release|Any CPU
		{90331F35-6636-4718-B77E-6A7F6E04C201}.Release|x86.Build.0 = Release|Any CPU
		{B4DCA9BE-7570-4CB4-9D79-D517B944478D}.Debug|Any CPU.ActiveCfg = Debug|Any CPU
		{B4DCA9BE-7570-4CB4-9D79-D517B944478D}.Debug|Any CPU.Build.0 = Debug|Any CPU
		{B4DCA9BE-7570-4CB4-9D79-D517B944478D}.Debug|x64.ActiveCfg = Debug|Any CPU
		{B4DCA9BE-7570-4CB4-9D79-D517B944478D}.Debug|x64.Build.0 = Debug|Any CPU
		{B4DCA9BE-7570-4CB4-9D79-D517B944478D}.Debug|x86.ActiveCfg = Debug|Any CPU
		{B4DCA9BE-7570-4CB4-9D79-D517B944478D}.Debug|x86.Build.0 = Debug|Any CPU
		{B4DCA9BE-7570-4CB4-9D79-D517B944478D}.Release|Any CPU.ActiveCfg = Release|Any CPU
		{B4DCA9BE-7570-4CB4-9D79-D517B944478D}.Release|Any CPU.Build.0 = Release|Any CPU
		{B4DCA9BE-7570-4CB4-9D79-D517B944478D}.Release|x64.ActiveCfg = Release|Any CPU
		{B4DCA9BE-7570-4CB4-9D79-D517B944478D}.Release|x64.Build.0 = Release|Any CPU
		{B4DCA9BE-7570-4CB4-9D79-D517B944478D}.Release|x86.ActiveCfg = Release|Any CPU
		{B4DCA9BE-7570-4CB4-9D79-D517B944478D}.Release|x86.Build.0 = Release|Any CPU
	EndGlobalSection
	GlobalSection(SolutionProperties) = preSolution
		HideSolutionNode = FALSE
	EndGlobalSection
	GlobalSection(NestedProjects) = preSolution
		{6D78A5D0-ABF3-4C5B-A09E-922E3333C3CC} = {F2DAE3BE-CE55-4F34-AD00-0D5CA3670D15}
		{2BF96194-418E-4062-8368-338F52CCF283} = {F2DAE3BE-CE55-4F34-AD00-0D5CA3670D15}
		{FD287D13-5AE4-4211-ABB4-D4A062604B34} = {F2DAE3BE-CE55-4F34-AD00-0D5CA3670D15}
		{03273EEE-CCE3-4A50-A196-E759397FA620} = {F2DAE3BE-CE55-4F34-AD00-0D5CA3670D15}
		{936E35C4-0A17-4854-8ADD-52B8A99C94D7} = {F2DAE3BE-CE55-4F34-AD00-0D5CA3670D15}
		{89B6DD00-76E0-425C-BF98-97CE05748FEA} = {F2DAE3BE-CE55-4F34-AD00-0D5CA3670D15}
		{1756007B-C025-48D5-8E74-EE7D8AF8DE88} = {F2DAE3BE-CE55-4F34-AD00-0D5CA3670D15}
		{E8F04F39-6263-4667-BAD1-6867BAEA40CC} = {F2DAE3BE-CE55-4F34-AD00-0D5CA3670D15}
		{9F38B6A2-25F5-435B-B87D-8BF6A13FFE8E} = {F2DAE3BE-CE55-4F34-AD00-0D5CA3670D15}
		{3D4880D6-B4B8-4122-8FB6-FEEB99F2A29B} = {F2DAE3BE-CE55-4F34-AD00-0D5CA3670D15}
		{40E6E30A-41FC-431E-BC02-D98AE3B21C23} = {F2DAE3BE-CE55-4F34-AD00-0D5CA3670D15}
		{F164C340-1206-4E04-8377-E983549836B3} = {F2DAE3BE-CE55-4F34-AD00-0D5CA3670D15}
		{A627A32A-7C23-427B-B52D-DDFDE95E2270} = {F2DAE3BE-CE55-4F34-AD00-0D5CA3670D15}
		{895BD81E-8CED-457C-B368-FB2C52868D48} = {F2DAE3BE-CE55-4F34-AD00-0D5CA3670D15}
		{5513C85B-FF3C-4EBC-A0FB-DA56B20514FE} = {F2DAE3BE-CE55-4F34-AD00-0D5CA3670D15}
		{1D991986-B620-46DE-B715-C25D70437B24} = {F2DAE3BE-CE55-4F34-AD00-0D5CA3670D15}
		{3163FCB7-241C-4308-8C7D-7F9FF63FC5C6} = {F2DAE3BE-CE55-4F34-AD00-0D5CA3670D15}
		{99B05DDD-7FE4-4793-9E2F-A193A037E897} = {F2DAE3BE-CE55-4F34-AD00-0D5CA3670D15}
		{2FA3BA6D-5B86-477B-9757-E51F541ECE52} = {F2DAE3BE-CE55-4F34-AD00-0D5CA3670D15}
		{2BEAF211-87F7-4FAF-B1CF-20633579B02F} = {F2DAE3BE-CE55-4F34-AD00-0D5CA3670D15}
		{70A41148-AD8A-4B0F-AC91-6834CA23E02B} = {F2DAE3BE-CE55-4F34-AD00-0D5CA3670D15}
		{A79A8F1D-BD45-47DE-B055-8DCBE45E9CE1} = {F2DAE3BE-CE55-4F34-AD00-0D5CA3670D15}
		{816CB041-F8F0-4DE9-9903-95ED1AE2860A} = {F2DAE3BE-CE55-4F34-AD00-0D5CA3670D15}
		{44832D91-C15D-490E-8EA1-FB53BB785E94} = {F2DAE3BE-CE55-4F34-AD00-0D5CA3670D15}
		{3D9728F3-04F4-4C88-9063-406384CFD911} = {F2DAE3BE-CE55-4F34-AD00-0D5CA3670D15}
		{43A133E0-8AA6-43B8-97EB-B8B8AC5D537F} = {F2DAE3BE-CE55-4F34-AD00-0D5CA3670D15}
		{E93C5FF7-605F-4AC6-B369-B3CABF0430E7} = {F2DAE3BE-CE55-4F34-AD00-0D5CA3670D15}
		{2A6D3E5E-2597-4C27-855A-426E5D19EFA6} = {F2DAE3BE-CE55-4F34-AD00-0D5CA3670D15}
		{501CA3CA-F823-46A1-B688-69C90ECB5D67} = {F2DAE3BE-CE55-4F34-AD00-0D5CA3670D15}
		{FE59D7D4-6C36-45AC-9BA3-5A3B8FAC7010} = {F2DAE3BE-CE55-4F34-AD00-0D5CA3670D15}
		{F7F74748-ED45-41EA-BE45-B0408E1D6E02} = {F2DAE3BE-CE55-4F34-AD00-0D5CA3670D15}
		{EA0B25BF-89F4-498F-93BB-0C4F5171BDBD} = {F2DAE3BE-CE55-4F34-AD00-0D5CA3670D15}
		{8E2D6175-843A-4447-A7D2-94932B459BAD} = {F2DAE3BE-CE55-4F34-AD00-0D5CA3670D15}
		{E13E0684-7188-444C-B834-41E36DD941F9} = {F2DAE3BE-CE55-4F34-AD00-0D5CA3670D15}
		{58005EF2-940A-496B-A37D-83CAA170B4E6} = {F2DAE3BE-CE55-4F34-AD00-0D5CA3670D15}
		{214C887E-5635-4EEB-B701-8CBEDC87B563} = {F2DAE3BE-CE55-4F34-AD00-0D5CA3670D15}
		{B03BB1A3-E7B4-4934-AA8B-4CD0AC57E48E} = {F2DAE3BE-CE55-4F34-AD00-0D5CA3670D15}
		{1038547E-C43C-4C27-969F-717AE092252F} = {F2DAE3BE-CE55-4F34-AD00-0D5CA3670D15}
		{90331F35-6636-4718-B77E-6A7F6E04C201} = {26AF7DD5-690E-415D-97BB-EC28FFF4BEB3}
		{B4DCA9BE-7570-4CB4-9D79-D517B944478D} = {26AF7DD5-690E-415D-97BB-EC28FFF4BEB3}
	EndGlobalSection
	GlobalSection(ExtensibilityGlobals) = postSolution
		SolutionGuid = {1EFC79C8-485A-4CC3-9A39-1767AA0112E2}
	EndGlobalSection
EndGlobal
