
Microsoft Visual Studio Solution File, Format Version 12.00
# Visual Studio 15
VisualStudioVersion = 15.0.28307.329
MinimumVisualStudioVersion = 10.0.40219.1
Project("{FAE04EC0-301F-11D3-BF4B-00C04F79EFBC}") = "01_WriteLine", "CS_Study\01_WriteLine.csproj", "{2FA3BA6D-5B86-477B-9757-E51F541ECE52}"
EndProject
Project("{FAE04EC0-301F-11D3-BF4B-00C04F79EFBC}") = "02_DataType", "02_DataType\02_DataType.csproj", "{6D78A5D0-ABF3-4C5B-A09E-922E3333C3CC}"
EndProject
Project("{FAE04EC0-301F-11D3-BF4B-00C04F79EFBC}") = "03_DataType_1", "03_DataType_1\03_DataType_1.csproj", "{2BF96194-418E-4062-8368-338F52CCF283}"
EndProject
Project("{FAE04EC0-301F-11D3-BF4B-00C04F79EFBC}") = "04_DataType_2", "04_DataType_2\04_DataType_2.csproj", "{FD287D13-5AE4-4211-ABB4-D4A062604B34}"
EndProject
Project("{FAE04EC0-301F-11D3-BF4B-00C04F79EFBC}") = "05_Testaver", "05_Testaver\05_Testaver.csproj", "{03273EEE-CCE3-4A50-A196-E759397FA620}"
EndProject
Project("{FAE04EC0-301F-11D3-BF4B-00C04F79EFBC}") = "06.Struct_1", "06.Struct_1\06.Struct_1.csproj", "{936E35C4-0A17-4854-8ADD-52B8A99C94D7}"
EndProject
Project("{FAE04EC0-301F-11D3-BF4B-00C04F79EFBC}") = "07.Struct_2", "07.Struct_2\07.Struct_2.csproj", "{89B6DD00-76E0-425C-BF98-97CE05748FEA}"
EndProject
Project("{FAE04EC0-301F-11D3-BF4B-00C04F79EFBC}") = "08.Struct_3", "08.Struct_3\08.Struct_3.csproj", "{1756007B-C025-48D5-8E74-EE7D8AF8DE88}"
EndProject
Project("{FAE04EC0-301F-11D3-BF4B-00C04F79EFBC}") = "09.Struct_4", "09.Struct_4\09.Struct_4.csproj", "{E8F04F39-6263-4667-BAD1-6867BAEA40CC}"
EndProject
Project("{FAE04EC0-301F-11D3-BF4B-00C04F79EFBC}") = "10.Struct_student_Record", "10.Struct_student_Record\10.Struct_student_Record.csproj", "{9F38B6A2-25F5-435B-B87D-8BF6A13FFE8E}"
EndProject
Project("{FAE04EC0-301F-11D3-BF4B-00C04F79EFBC}") = "11.enum", "11.enum\11.enum.csproj", "{3D4880D6-B4B8-4122-8FB6-FEEB99F2A29B}"
EndProject
Project("{FAE04EC0-301F-11D3-BF4B-00C04F79EFBC}") = "12.Value_Type", "12.Value_Type\12.Value_Type.csproj", "{40E6E30A-41FC-431E-BC02-D98AE3B21C23}"
EndProject
Project("{FAE04EC0-301F-11D3-BF4B-00C04F79EFBC}") = "13.Operator", "13.Operator\13.Operator.csproj", "{F164C340-1206-4E04-8377-E983549836B3}"
EndProject
Project("{FAE04EC0-301F-11D3-BF4B-00C04F79EFBC}") = "14.shift_operator", "14.shift_operator\14.shift_operator.csproj", "{A627A32A-7C23-427B-B52D-DDFDE95E2270}"
EndProject
Project("{FAE04EC0-301F-11D3-BF4B-00C04F79EFBC}") = "15.as_operator", "15.as_operator\15.as_operator.csproj", "{895BD81E-8CED-457C-B368-FB2C52868D48}"
EndProject
Project("{FAE04EC0-301F-11D3-BF4B-00C04F79EFBC}") = "16.foreach", "16.foreach\16.foreach.csproj", "{5513C85B-FF3C-4EBC-A0FB-DA56B20514FE}"
EndProject
Project("{FAE04EC0-301F-11D3-BF4B-00C04F79EFBC}") = "17.Try_Catch", "17.Try_Catch\17.Try_Catch.csproj", "{1D991986-B620-46DE-B715-C25D70437B24}"
EndProject
Project("{FAE04EC0-301F-11D3-BF4B-00C04F79EFBC}") = "18.Try_finally", "18.Try_finally\18.Try_finally.csproj", "{3163FCB7-241C-4308-8C7D-7F9FF63FC5C6}"
EndProject
Project("{FAE04EC0-301F-11D3-BF4B-00C04F79EFBC}") = "19.Throw", "19.Throw\19.Throw.csproj", "{99B05DDD-7FE4-4793-9E2F-A193A037E897}"
EndProject
Global
	GlobalSection(SolutionConfigurationPlatforms) = preSolution
		Debug|Any CPU = Debug|Any CPU
		Debug|x64 = Debug|x64
		Debug|x86 = Debug|x86
		Release|Any CPU = Release|Any CPU
		Release|x64 = Release|x64
		Release|x86 = Release|x86
	EndGlobalSection
	GlobalSection(ProjectConfigurationPlatforms) = postSolution
		{2FA3BA6D-5B86-477B-9757-E51F541ECE52}.Debug|Any CPU.ActiveCfg = Debug|Any CPU
		{2FA3BA6D-5B86-477B-9757-E51F541ECE52}.Debug|Any CPU.Build.0 = Debug|Any CPU
		{2FA3BA6D-5B86-477B-9757-E51F541ECE52}.Debug|x64.ActiveCfg = Debug|Any CPU
		{2FA3BA6D-5B86-477B-9757-E51F541ECE52}.Debug|x64.Build.0 = Debug|Any CPU
		{2FA3BA6D-5B86-477B-9757-E51F541ECE52}.Debug|x86.ActiveCfg = Debug|Any CPU
		{2FA3BA6D-5B86-477B-9757-E51F541ECE52}.Debug|x86.Build.0 = Debug|Any CPU
		{2FA3BA6D-5B86-477B-9757-E51F541ECE52}.Release|Any CPU.ActiveCfg = Release|Any CPU
		{2FA3BA6D-5B86-477B-9757-E51F541ECE52}.Release|Any CPU.Build.0 = Release|Any CPU
		{2FA3BA6D-5B86-477B-9757-E51F541ECE52}.Release|x64.ActiveCfg = Release|Any CPU
		{2FA3BA6D-5B86-477B-9757-E51F541ECE52}.Release|x64.Build.0 = Release|Any CPU
		{2FA3BA6D-5B86-477B-9757-E51F541ECE52}.Release|x86.ActiveCfg = Release|Any CPU
		{2FA3BA6D-5B86-477B-9757-E51F541ECE52}.Release|x86.Build.0 = Release|Any CPU
		{6D78A5D0-ABF3-4C5B-A09E-922E3333C3CC}.Debug|Any CPU.ActiveCfg = Debug|Any CPU
		{6D78A5D0-ABF3-4C5B-A09E-922E3333C3CC}.Debug|Any CPU.Build.0 = Debug|Any CPU
		{6D78A5D0-ABF3-4C5B-A09E-922E3333C3CC}.Debug|x64.ActiveCfg = Debug|Any CPU
		{6D78A5D0-ABF3-4C5B-A09E-922E3333C3CC}.Debug|x64.Build.0 = Debug|Any CPU
		{6D78A5D0-ABF3-4C5B-A09E-922E3333C3CC}.Debug|x86.ActiveCfg = Debug|Any CPU
		{6D78A5D0-ABF3-4C5B-A09E-922E3333C3CC}.Debug|x86.Build.0 = Debug|Any CPU
		{6D78A5D0-ABF3-4C5B-A09E-922E3333C3CC}.Release|Any CPU.ActiveCfg = Release|Any CPU
		{6D78A5D0-ABF3-4C5B-A09E-922E3333C3CC}.Release|Any CPU.Build.0 = Release|Any CPU
		{6D78A5D0-ABF3-4C5B-A09E-922E3333C3CC}.Release|x64.ActiveCfg = Release|Any CPU
		{6D78A5D0-ABF3-4C5B-A09E-922E3333C3CC}.Release|x64.Build.0 = Release|Any CPU
		{6D78A5D0-ABF3-4C5B-A09E-922E3333C3CC}.Release|x86.ActiveCfg = Release|Any CPU
		{6D78A5D0-ABF3-4C5B-A09E-922E3333C3CC}.Release|x86.Build.0 = Release|Any CPU
		{2BF96194-418E-4062-8368-338F52CCF283}.Debug|Any CPU.ActiveCfg = Debug|Any CPU
		{2BF96194-418E-4062-8368-338F52CCF283}.Debug|Any CPU.Build.0 = Debug|Any CPU
		{2BF96194-418E-4062-8368-338F52CCF283}.Debug|x64.ActiveCfg = Debug|Any CPU
		{2BF96194-418E-4062-8368-338F52CCF283}.Debug|x64.Build.0 = Debug|Any CPU
		{2BF96194-418E-4062-8368-338F52CCF283}.Debug|x86.ActiveCfg = Debug|Any CPU
		{2BF96194-418E-4062-8368-338F52CCF283}.Debug|x86.Build.0 = Debug|Any CPU
		{2BF96194-418E-4062-8368-338F52CCF283}.Release|Any CPU.ActiveCfg = Release|Any CPU
		{2BF96194-418E-4062-8368-338F52CCF283}.Release|Any CPU.Build.0 = Release|Any CPU
		{2BF96194-418E-4062-8368-338F52CCF283}.Release|x64.ActiveCfg = Release|Any CPU
		{2BF96194-418E-4062-8368-338F52CCF283}.Release|x64.Build.0 = Release|Any CPU
		{2BF96194-418E-4062-8368-338F52CCF283}.Release|x86.ActiveCfg = Release|Any CPU
		{2BF96194-418E-4062-8368-338F52CCF283}.Release|x86.Build.0 = Release|Any CPU
		{FD287D13-5AE4-4211-ABB4-D4A062604B34}.Debug|Any CPU.ActiveCfg = Debug|Any CPU
		{FD287D13-5AE4-4211-ABB4-D4A062604B34}.Debug|Any CPU.Build.0 = Debug|Any CPU
		{FD287D13-5AE4-4211-ABB4-D4A062604B34}.Debug|x64.ActiveCfg = Debug|Any CPU
		{FD287D13-5AE4-4211-ABB4-D4A062604B34}.Debug|x64.Build.0 = Debug|Any CPU
		{FD287D13-5AE4-4211-ABB4-D4A062604B34}.Debug|x86.ActiveCfg = Debug|Any CPU
		{FD287D13-5AE4-4211-ABB4-D4A062604B34}.Debug|x86.Build.0 = Debug|Any CPU
		{FD287D13-5AE4-4211-ABB4-D4A062604B34}.Release|Any CPU.ActiveCfg = Release|Any CPU
		{FD287D13-5AE4-4211-ABB4-D4A062604B34}.Release|Any CPU.Build.0 = Release|Any CPU
		{FD287D13-5AE4-4211-ABB4-D4A062604B34}.Release|x64.ActiveCfg = Release|Any CPU
		{FD287D13-5AE4-4211-ABB4-D4A062604B34}.Release|x64.Build.0 = Release|Any CPU
		{FD287D13-5AE4-4211-ABB4-D4A062604B34}.Release|x86.ActiveCfg = Release|Any CPU
		{FD287D13-5AE4-4211-ABB4-D4A062604B34}.Release|x86.Build.0 = Release|Any CPU
		{03273EEE-CCE3-4A50-A196-E759397FA620}.Debug|Any CPU.ActiveCfg = Debug|Any CPU
		{03273EEE-CCE3-4A50-A196-E759397FA620}.Debug|Any CPU.Build.0 = Debug|Any CPU
		{03273EEE-CCE3-4A50-A196-E759397FA620}.Debug|x64.ActiveCfg = Debug|Any CPU
		{03273EEE-CCE3-4A50-A196-E759397FA620}.Debug|x64.Build.0 = Debug|Any CPU
		{03273EEE-CCE3-4A50-A196-E759397FA620}.Debug|x86.ActiveCfg = Debug|Any CPU
		{03273EEE-CCE3-4A50-A196-E759397FA620}.Debug|x86.Build.0 = Debug|Any CPU
		{03273EEE-CCE3-4A50-A196-E759397FA620}.Release|Any CPU.ActiveCfg = Release|Any CPU
		{03273EEE-CCE3-4A50-A196-E759397FA620}.Release|Any CPU.Build.0 = Release|Any CPU
		{03273EEE-CCE3-4A50-A196-E759397FA620}.Release|x64.ActiveCfg = Release|Any CPU
		{03273EEE-CCE3-4A50-A196-E759397FA620}.Release|x64.Build.0 = Release|Any CPU
		{03273EEE-CCE3-4A50-A196-E759397FA620}.Release|x86.ActiveCfg = Release|Any CPU
		{03273EEE-CCE3-4A50-A196-E759397FA620}.Release|x86.Build.0 = Release|Any CPU
		{936E35C4-0A17-4854-8ADD-52B8A99C94D7}.Debug|Any CPU.ActiveCfg = Debug|Any CPU
		{936E35C4-0A17-4854-8ADD-52B8A99C94D7}.Debug|Any CPU.Build.0 = Debug|Any CPU
		{936E35C4-0A17-4854-8ADD-52B8A99C94D7}.Debug|x64.ActiveCfg = Debug|Any CPU
		{936E35C4-0A17-4854-8ADD-52B8A99C94D7}.Debug|x64.Build.0 = Debug|Any CPU
		{936E35C4-0A17-4854-8ADD-52B8A99C94D7}.Debug|x86.ActiveCfg = Debug|Any CPU
		{936E35C4-0A17-4854-8ADD-52B8A99C94D7}.Debug|x86.Build.0 = Debug|Any CPU
		{936E35C4-0A17-4854-8ADD-52B8A99C94D7}.Release|Any CPU.ActiveCfg = Release|Any CPU
		{936E35C4-0A17-4854-8ADD-52B8A99C94D7}.Release|Any CPU.Build.0 = Release|Any CPU
		{936E35C4-0A17-4854-8ADD-52B8A99C94D7}.Release|x64.ActiveCfg = Release|Any CPU
		{936E35C4-0A17-4854-8ADD-52B8A99C94D7}.Release|x64.Build.0 = Release|Any CPU
		{936E35C4-0A17-4854-8ADD-52B8A99C94D7}.Release|x86.ActiveCfg = Release|Any CPU
		{936E35C4-0A17-4854-8ADD-52B8A99C94D7}.Release|x86.Build.0 = Release|Any CPU
		{89B6DD00-76E0-425C-BF98-97CE05748FEA}.Debug|Any CPU.ActiveCfg = Debug|Any CPU
		{89B6DD00-76E0-425C-BF98-97CE05748FEA}.Debug|Any CPU.Build.0 = Debug|Any CPU
		{89B6DD00-76E0-425C-BF98-97CE05748FEA}.Debug|x64.ActiveCfg = Debug|Any CPU
		{89B6DD00-76E0-425C-BF98-97CE05748FEA}.Debug|x64.Build.0 = Debug|Any CPU
		{89B6DD00-76E0-425C-BF98-97CE05748FEA}.Debug|x86.ActiveCfg = Debug|Any CPU
		{89B6DD00-76E0-425C-BF98-97CE05748FEA}.Debug|x86.Build.0 = Debug|Any CPU
		{89B6DD00-76E0-425C-BF98-97CE05748FEA}.Release|Any CPU.ActiveCfg = Release|Any CPU
		{89B6DD00-76E0-425C-BF98-97CE05748FEA}.Release|Any CPU.Build.0 = Release|Any CPU
		{89B6DD00-76E0-425C-BF98-97CE05748FEA}.Release|x64.ActiveCfg = Release|Any CPU
		{89B6DD00-76E0-425C-BF98-97CE05748FEA}.Release|x64.Build.0 = Release|Any CPU
		{89B6DD00-76E0-425C-BF98-97CE05748FEA}.Release|x86.ActiveCfg = Release|Any CPU
		{89B6DD00-76E0-425C-BF98-97CE05748FEA}.Release|x86.Build.0 = Release|Any CPU
		{1756007B-C025-48D5-8E74-EE7D8AF8DE88}.Debug|Any CPU.ActiveCfg = Debug|Any CPU
		{1756007B-C025-48D5-8E74-EE7D8AF8DE88}.Debug|Any CPU.Build.0 = Debug|Any CPU
		{1756007B-C025-48D5-8E74-EE7D8AF8DE88}.Debug|x64.ActiveCfg = Debug|Any CPU
		{1756007B-C025-48D5-8E74-EE7D8AF8DE88}.Debug|x64.Build.0 = Debug|Any CPU
		{1756007B-C025-48D5-8E74-EE7D8AF8DE88}.Debug|x86.ActiveCfg = Debug|Any CPU
		{1756007B-C025-48D5-8E74-EE7D8AF8DE88}.Debug|x86.Build.0 = Debug|Any CPU
		{1756007B-C025-48D5-8E74-EE7D8AF8DE88}.Release|Any CPU.ActiveCfg = Release|Any CPU
		{1756007B-C025-48D5-8E74-EE7D8AF8DE88}.Release|Any CPU.Build.0 = Release|Any CPU
		{1756007B-C025-48D5-8E74-EE7D8AF8DE88}.Release|x64.ActiveCfg = Release|Any CPU
		{1756007B-C025-48D5-8E74-EE7D8AF8DE88}.Release|x64.Build.0 = Release|Any CPU
		{1756007B-C025-48D5-8E74-EE7D8AF8DE88}.Release|x86.ActiveCfg = Release|Any CPU
		{1756007B-C025-48D5-8E74-EE7D8AF8DE88}.Release|x86.Build.0 = Release|Any CPU
		{E8F04F39-6263-4667-BAD1-6867BAEA40CC}.Debug|Any CPU.ActiveCfg = Debug|Any CPU
		{E8F04F39-6263-4667-BAD1-6867BAEA40CC}.Debug|Any CPU.Build.0 = Debug|Any CPU
		{E8F04F39-6263-4667-BAD1-6867BAEA40CC}.Debug|x64.ActiveCfg = Debug|Any CPU
		{E8F04F39-6263-4667-BAD1-6867BAEA40CC}.Debug|x64.Build.0 = Debug|Any CPU
		{E8F04F39-6263-4667-BAD1-6867BAEA40CC}.Debug|x86.ActiveCfg = Debug|Any CPU
		{E8F04F39-6263-4667-BAD1-6867BAEA40CC}.Debug|x86.Build.0 = Debug|Any CPU
		{E8F04F39-6263-4667-BAD1-6867BAEA40CC}.Release|Any CPU.ActiveCfg = Release|Any CPU
		{E8F04F39-6263-4667-BAD1-6867BAEA40CC}.Release|Any CPU.Build.0 = Release|Any CPU
		{E8F04F39-6263-4667-BAD1-6867BAEA40CC}.Release|x64.ActiveCfg = Release|Any CPU
		{E8F04F39-6263-4667-BAD1-6867BAEA40CC}.Release|x64.Build.0 = Release|Any CPU
		{E8F04F39-6263-4667-BAD1-6867BAEA40CC}.Release|x86.ActiveCfg = Release|Any CPU
		{E8F04F39-6263-4667-BAD1-6867BAEA40CC}.Release|x86.Build.0 = Release|Any CPU
		{9F38B6A2-25F5-435B-B87D-8BF6A13FFE8E}.Debug|Any CPU.ActiveCfg = Debug|Any CPU
		{9F38B6A2-25F5-435B-B87D-8BF6A13FFE8E}.Debug|Any CPU.Build.0 = Debug|Any CPU
		{9F38B6A2-25F5-435B-B87D-8BF6A13FFE8E}.Debug|x64.ActiveCfg = Debug|Any CPU
		{9F38B6A2-25F5-435B-B87D-8BF6A13FFE8E}.Debug|x64.Build.0 = Debug|Any CPU
		{9F38B6A2-25F5-435B-B87D-8BF6A13FFE8E}.Debug|x86.ActiveCfg = Debug|Any CPU
		{9F38B6A2-25F5-435B-B87D-8BF6A13FFE8E}.Debug|x86.Build.0 = Debug|Any CPU
		{9F38B6A2-25F5-435B-B87D-8BF6A13FFE8E}.Release|Any CPU.ActiveCfg = Release|Any CPU
		{9F38B6A2-25F5-435B-B87D-8BF6A13FFE8E}.Release|Any CPU.Build.0 = Release|Any CPU
		{9F38B6A2-25F5-435B-B87D-8BF6A13FFE8E}.Release|x64.ActiveCfg = Release|Any CPU
		{9F38B6A2-25F5-435B-B87D-8BF6A13FFE8E}.Release|x64.Build.0 = Release|Any CPU
		{9F38B6A2-25F5-435B-B87D-8BF6A13FFE8E}.Release|x86.ActiveCfg = Release|Any CPU
		{9F38B6A2-25F5-435B-B87D-8BF6A13FFE8E}.Release|x86.Build.0 = Release|Any CPU
		{3D4880D6-B4B8-4122-8FB6-FEEB99F2A29B}.Debug|Any CPU.ActiveCfg = Debug|Any CPU
		{3D4880D6-B4B8-4122-8FB6-FEEB99F2A29B}.Debug|Any CPU.Build.0 = Debug|Any CPU
		{3D4880D6-B4B8-4122-8FB6-FEEB99F2A29B}.Debug|x64.ActiveCfg = Debug|Any CPU
		{3D4880D6-B4B8-4122-8FB6-FEEB99F2A29B}.Debug|x64.Build.0 = Debug|Any CPU
		{3D4880D6-B4B8-4122-8FB6-FEEB99F2A29B}.Debug|x86.ActiveCfg = Debug|Any CPU
		{3D4880D6-B4B8-4122-8FB6-FEEB99F2A29B}.Debug|x86.Build.0 = Debug|Any CPU
		{3D4880D6-B4B8-4122-8FB6-FEEB99F2A29B}.Release|Any CPU.ActiveCfg = Release|Any CPU
		{3D4880D6-B4B8-4122-8FB6-FEEB99F2A29B}.Release|Any CPU.Build.0 = Release|Any CPU
		{3D4880D6-B4B8-4122-8FB6-FEEB99F2A29B}.Release|x64.ActiveCfg = Release|Any CPU
		{3D4880D6-B4B8-4122-8FB6-FEEB99F2A29B}.Release|x64.Build.0 = Release|Any CPU
		{3D4880D6-B4B8-4122-8FB6-FEEB99F2A29B}.Release|x86.ActiveCfg = Release|Any CPU
		{3D4880D6-B4B8-4122-8FB6-FEEB99F2A29B}.Release|x86.Build.0 = Release|Any CPU
		{40E6E30A-41FC-431E-BC02-D98AE3B21C23}.Debug|Any CPU.ActiveCfg = Debug|Any CPU
		{40E6E30A-41FC-431E-BC02-D98AE3B21C23}.Debug|Any CPU.Build.0 = Debug|Any CPU
		{40E6E30A-41FC-431E-BC02-D98AE3B21C23}.Debug|x64.ActiveCfg = Debug|Any CPU
		{40E6E30A-41FC-431E-BC02-D98AE3B21C23}.Debug|x64.Build.0 = Debug|Any CPU
		{40E6E30A-41FC-431E-BC02-D98AE3B21C23}.Debug|x86.ActiveCfg = Debug|Any CPU
		{40E6E30A-41FC-431E-BC02-D98AE3B21C23}.Debug|x86.Build.0 = Debug|Any CPU
		{40E6E30A-41FC-431E-BC02-D98AE3B21C23}.Release|Any CPU.ActiveCfg = Release|Any CPU
		{40E6E30A-41FC-431E-BC02-D98AE3B21C23}.Release|Any CPU.Build.0 = Release|Any CPU
		{40E6E30A-41FC-431E-BC02-D98AE3B21C23}.Release|x64.ActiveCfg = Release|Any CPU
		{40E6E30A-41FC-431E-BC02-D98AE3B21C23}.Release|x64.Build.0 = Release|Any CPU
		{40E6E30A-41FC-431E-BC02-D98AE3B21C23}.Release|x86.ActiveCfg = Release|Any CPU
		{40E6E30A-41FC-431E-BC02-D98AE3B21C23}.Release|x86.Build.0 = Release|Any CPU
		{F164C340-1206-4E04-8377-E983549836B3}.Debug|Any CPU.ActiveCfg = Debug|Any CPU
		{F164C340-1206-4E04-8377-E983549836B3}.Debug|Any CPU.Build.0 = Debug|Any CPU
		{F164C340-1206-4E04-8377-E983549836B3}.Debug|x64.ActiveCfg = Debug|Any CPU
		{F164C340-1206-4E04-8377-E983549836B3}.Debug|x64.Build.0 = Debug|Any CPU
		{F164C340-1206-4E04-8377-E983549836B3}.Debug|x86.ActiveCfg = Debug|Any CPU
		{F164C340-1206-4E04-8377-E983549836B3}.Debug|x86.Build.0 = Debug|Any CPU
		{F164C340-1206-4E04-8377-E983549836B3}.Release|Any CPU.ActiveCfg = Release|Any CPU
		{F164C340-1206-4E04-8377-E983549836B3}.Release|Any CPU.Build.0 = Release|Any CPU
		{F164C340-1206-4E04-8377-E983549836B3}.Release|x64.ActiveCfg = Release|Any CPU
		{F164C340-1206-4E04-8377-E983549836B3}.Release|x64.Build.0 = Release|Any CPU
		{F164C340-1206-4E04-8377-E983549836B3}.Release|x86.ActiveCfg = Release|Any CPU
		{F164C340-1206-4E04-8377-E983549836B3}.Release|x86.Build.0 = Release|Any CPU
		{A627A32A-7C23-427B-B52D-DDFDE95E2270}.Debug|Any CPU.ActiveCfg = Debug|Any CPU
		{A627A32A-7C23-427B-B52D-DDFDE95E2270}.Debug|Any CPU.Build.0 = Debug|Any CPU
		{A627A32A-7C23-427B-B52D-DDFDE95E2270}.Debug|x64.ActiveCfg = Debug|Any CPU
		{A627A32A-7C23-427B-B52D-DDFDE95E2270}.Debug|x64.Build.0 = Debug|Any CPU
		{A627A32A-7C23-427B-B52D-DDFDE95E2270}.Debug|x86.ActiveCfg = Debug|Any CPU
		{A627A32A-7C23-427B-B52D-DDFDE95E2270}.Debug|x86.Build.0 = Debug|Any CPU
		{A627A32A-7C23-427B-B52D-DDFDE95E2270}.Release|Any CPU.ActiveCfg = Release|Any CPU
		{A627A32A-7C23-427B-B52D-DDFDE95E2270}.Release|Any CPU.Build.0 = Release|Any CPU
		{A627A32A-7C23-427B-B52D-DDFDE95E2270}.Release|x64.ActiveCfg = Release|Any CPU
		{A627A32A-7C23-427B-B52D-DDFDE95E2270}.Release|x64.Build.0 = Release|Any CPU
		{A627A32A-7C23-427B-B52D-DDFDE95E2270}.Release|x86.ActiveCfg = Release|Any CPU
		{A627A32A-7C23-427B-B52D-DDFDE95E2270}.Release|x86.Build.0 = Release|Any CPU
		{895BD81E-8CED-457C-B368-FB2C52868D48}.Debug|Any CPU.ActiveCfg = Debug|Any CPU
		{895BD81E-8CED-457C-B368-FB2C52868D48}.Debug|Any CPU.Build.0 = Debug|Any CPU
		{895BD81E-8CED-457C-B368-FB2C52868D48}.Debug|x64.ActiveCfg = Debug|Any CPU
		{895BD81E-8CED-457C-B368-FB2C52868D48}.Debug|x64.Build.0 = Debug|Any CPU
		{895BD81E-8CED-457C-B368-FB2C52868D48}.Debug|x86.ActiveCfg = Debug|Any CPU
		{895BD81E-8CED-457C-B368-FB2C52868D48}.Debug|x86.Build.0 = Debug|Any CPU
		{895BD81E-8CED-457C-B368-FB2C52868D48}.Release|Any CPU.ActiveCfg = Release|Any CPU
		{895BD81E-8CED-457C-B368-FB2C52868D48}.Release|Any CPU.Build.0 = Release|Any CPU
		{895BD81E-8CED-457C-B368-FB2C52868D48}.Release|x64.ActiveCfg = Release|Any CPU
		{895BD81E-8CED-457C-B368-FB2C52868D48}.Release|x64.Build.0 = Release|Any CPU
		{895BD81E-8CED-457C-B368-FB2C52868D48}.Release|x86.ActiveCfg = Release|Any CPU
		{895BD81E-8CED-457C-B368-FB2C52868D48}.Release|x86.Build.0 = Release|Any CPU
		{5513C85B-FF3C-4EBC-A0FB-DA56B20514FE}.Debug|Any CPU.ActiveCfg = Debug|Any CPU
		{5513C85B-FF3C-4EBC-A0FB-DA56B20514FE}.Debug|Any CPU.Build.0 = Debug|Any CPU
		{5513C85B-FF3C-4EBC-A0FB-DA56B20514FE}.Debug|x64.ActiveCfg = Debug|Any CPU
		{5513C85B-FF3C-4EBC-A0FB-DA56B20514FE}.Debug|x64.Build.0 = Debug|Any CPU
		{5513C85B-FF3C-4EBC-A0FB-DA56B20514FE}.Debug|x86.ActiveCfg = Debug|Any CPU
		{5513C85B-FF3C-4EBC-A0FB-DA56B20514FE}.Debug|x86.Build.0 = Debug|Any CPU
		{5513C85B-FF3C-4EBC-A0FB-DA56B20514FE}.Release|Any CPU.ActiveCfg = Release|Any CPU
		{5513C85B-FF3C-4EBC-A0FB-DA56B20514FE}.Release|Any CPU.Build.0 = Release|Any CPU
		{5513C85B-FF3C-4EBC-A0FB-DA56B20514FE}.Release|x64.ActiveCfg = Release|Any CPU
		{5513C85B-FF3C-4EBC-A0FB-DA56B20514FE}.Release|x64.Build.0 = Release|Any CPU
		{5513C85B-FF3C-4EBC-A0FB-DA56B20514FE}.Release|x86.ActiveCfg = Release|Any CPU
		{5513C85B-FF3C-4EBC-A0FB-DA56B20514FE}.Release|x86.Build.0 = Release|Any CPU
		{1D991986-B620-46DE-B715-C25D70437B24}.Debug|Any CPU.ActiveCfg = Debug|Any CPU
		{1D991986-B620-46DE-B715-C25D70437B24}.Debug|Any CPU.Build.0 = Debug|Any CPU
		{1D991986-B620-46DE-B715-C25D70437B24}.Debug|x64.ActiveCfg = Debug|Any CPU
		{1D991986-B620-46DE-B715-C25D70437B24}.Debug|x64.Build.0 = Debug|Any CPU
		{1D991986-B620-46DE-B715-C25D70437B24}.Debug|x86.ActiveCfg = Debug|Any CPU
		{1D991986-B620-46DE-B715-C25D70437B24}.Debug|x86.Build.0 = Debug|Any CPU
		{1D991986-B620-46DE-B715-C25D70437B24}.Release|Any CPU.ActiveCfg = Release|Any CPU
		{1D991986-B620-46DE-B715-C25D70437B24}.Release|Any CPU.Build.0 = Release|Any CPU
		{1D991986-B620-46DE-B715-C25D70437B24}.Release|x64.ActiveCfg = Release|Any CPU
		{1D991986-B620-46DE-B715-C25D70437B24}.Release|x64.Build.0 = Release|Any CPU
		{1D991986-B620-46DE-B715-C25D70437B24}.Release|x86.ActiveCfg = Release|Any CPU
		{1D991986-B620-46DE-B715-C25D70437B24}.Release|x86.Build.0 = Release|Any CPU
		{3163FCB7-241C-4308-8C7D-7F9FF63FC5C6}.Debug|Any CPU.ActiveCfg = Debug|Any CPU
		{3163FCB7-241C-4308-8C7D-7F9FF63FC5C6}.Debug|Any CPU.Build.0 = Debug|Any CPU
		{3163FCB7-241C-4308-8C7D-7F9FF63FC5C6}.Debug|x64.ActiveCfg = Debug|Any CPU
		{3163FCB7-241C-4308-8C7D-7F9FF63FC5C6}.Debug|x64.Build.0 = Debug|Any CPU
		{3163FCB7-241C-4308-8C7D-7F9FF63FC5C6}.Debug|x86.ActiveCfg = Debug|Any CPU
		{3163FCB7-241C-4308-8C7D-7F9FF63FC5C6}.Debug|x86.Build.0 = Debug|Any CPU
		{3163FCB7-241C-4308-8C7D-7F9FF63FC5C6}.Release|Any CPU.ActiveCfg = Release|Any CPU
		{3163FCB7-241C-4308-8C7D-7F9FF63FC5C6}.Release|Any CPU.Build.0 = Release|Any CPU
		{3163FCB7-241C-4308-8C7D-7F9FF63FC5C6}.Release|x64.ActiveCfg = Release|Any CPU
		{3163FCB7-241C-4308-8C7D-7F9FF63FC5C6}.Release|x64.Build.0 = Release|Any CPU
		{3163FCB7-241C-4308-8C7D-7F9FF63FC5C6}.Release|x86.ActiveCfg = Release|Any CPU
		{3163FCB7-241C-4308-8C7D-7F9FF63FC5C6}.Release|x86.Build.0 = Release|Any CPU
		{99B05DDD-7FE4-4793-9E2F-A193A037E897}.Debug|Any CPU.ActiveCfg = Debug|Any CPU
		{99B05DDD-7FE4-4793-9E2F-A193A037E897}.Debug|Any CPU.Build.0 = Debug|Any CPU
		{99B05DDD-7FE4-4793-9E2F-A193A037E897}.Debug|x64.ActiveCfg = Debug|Any CPU
		{99B05DDD-7FE4-4793-9E2F-A193A037E897}.Debug|x64.Build.0 = Debug|Any CPU
		{99B05DDD-7FE4-4793-9E2F-A193A037E897}.Debug|x86.ActiveCfg = Debug|Any CPU
		{99B05DDD-7FE4-4793-9E2F-A193A037E897}.Debug|x86.Build.0 = Debug|Any CPU
		{99B05DDD-7FE4-4793-9E2F-A193A037E897}.Release|Any CPU.ActiveCfg = Release|Any CPU
		{99B05DDD-7FE4-4793-9E2F-A193A037E897}.Release|Any CPU.Build.0 = Release|Any CPU
		{99B05DDD-7FE4-4793-9E2F-A193A037E897}.Release|x64.ActiveCfg = Release|Any CPU
		{99B05DDD-7FE4-4793-9E2F-A193A037E897}.Release|x64.Build.0 = Release|Any CPU
		{99B05DDD-7FE4-4793-9E2F-A193A037E897}.Release|x86.ActiveCfg = Release|Any CPU
		{99B05DDD-7FE4-4793-9E2F-A193A037E897}.Release|x86.Build.0 = Release|Any CPU
	EndGlobalSection
	GlobalSection(SolutionProperties) = preSolution
		HideSolutionNode = FALSE
	EndGlobalSection
	GlobalSection(ExtensibilityGlobals) = postSolution
		SolutionGuid = {1EFC79C8-485A-4CC3-9A39-1767AA0112E2}
	EndGlobalSection
EndGlobal
